
Microsoft Visual Studio Solution File, Format Version 12.00
# Visual Studio Version 16
VisualStudioVersion = 16.0.30611.23
MinimumVisualStudioVersion = 10.0.40219.1
Project("{FAE04EC0-301F-11D3-BF4B-00C04F79EFBC}") = "Navegacion.UWP", "Navegacion\Navegacion.UWP\Navegacion.UWP.csproj", "{43C5DEFB-BB9A-438A-8374-4C5409800A0E}"
EndProject
Project("{FAE04EC0-301F-11D3-BF4B-00C04F79EFBC}") = "Navegacion.Android", "Navegacion\Navegacion.Android\Navegacion.Android.csproj", "{D8E729BC-F935-4F37-84E1-1F8847A4ED6E}"
EndProject
Project("{FAE04EC0-301F-11D3-BF4B-00C04F79EFBC}") = "Navegacion.iOS", "Navegacion\Navegacion.iOS\Navegacion.iOS.csproj", "{6B7210FE-FD1D-4FB6-8E63-1E6D607E62BD}"
EndProject
Project("{FAE04EC0-301F-11D3-BF4B-00C04F79EFBC}") = "Navegacion", "Navegacion\Navegacion\Navegacion.csproj", "{13048C18-0025-4AAE-A5DD-575E4C866D34}"
EndProject
Global
	GlobalSection(SolutionConfigurationPlatforms) = preSolution
		Debug|Any CPU = Debug|Any CPU
		Debug|ARM = Debug|ARM
		Debug|iPhone = Debug|iPhone
		Debug|iPhoneSimulator = Debug|iPhoneSimulator
		Debug|x64 = Debug|x64
		Debug|x86 = Debug|x86
		Release|Any CPU = Release|Any CPU
		Release|ARM = Release|ARM
		Release|iPhone = Release|iPhone
		Release|iPhoneSimulator = Release|iPhoneSimulator
		Release|x64 = Release|x64
		Release|x86 = Release|x86
	EndGlobalSection
	GlobalSection(ProjectConfigurationPlatforms) = postSolution
		{43C5DEFB-BB9A-438A-8374-4C5409800A0E}.Debug|Any CPU.ActiveCfg = Debug|x86
		{43C5DEFB-BB9A-438A-8374-4C5409800A0E}.Debug|Any CPU.Build.0 = Debug|x86
		{43C5DEFB-BB9A-438A-8374-4C5409800A0E}.Debug|Any CPU.Deploy.0 = Debug|x86
		{43C5DEFB-BB9A-438A-8374-4C5409800A0E}.Debug|ARM.ActiveCfg = Debug|ARM
		{43C5DEFB-BB9A-438A-8374-4C5409800A0E}.Debug|ARM.Build.0 = Debug|ARM
		{43C5DEFB-BB9A-438A-8374-4C5409800A0E}.Debug|ARM.Deploy.0 = Debug|ARM
		{43C5DEFB-BB9A-438A-8374-4C5409800A0E}.Debug|iPhone.ActiveCfg = Debug|x86
		{43C5DEFB-BB9A-438A-8374-4C5409800A0E}.Debug|iPhone.Build.0 = Debug|x86
		{43C5DEFB-BB9A-438A-8374-4C5409800A0E}.Debug|iPhone.Deploy.0 = Debug|x86
		{43C5DEFB-BB9A-438A-8374-4C5409800A0E}.Debug|iPhoneSimulator.ActiveCfg = Debug|x86
		{43C5DEFB-BB9A-438A-8374-4C5409800A0E}.Debug|iPhoneSimulator.Build.0 = Debug|x86
		{43C5DEFB-BB9A-438A-8374-4C5409800A0E}.Debug|iPhoneSimulator.Deploy.0 = Debug|x86
		{43C5DEFB-BB9A-438A-8374-4C5409800A0E}.Debug|x64.ActiveCfg = Debug|x64
		{43C5DEFB-BB9A-438A-8374-4C5409800A0E}.Debug|x64.Build.0 = Debug|x64
		{43C5DEFB-BB9A-438A-8374-4C5409800A0E}.Debug|x64.Deploy.0 = Debug|x64
		{43C5DEFB-BB9A-438A-8374-4C5409800A0E}.Debug|x86.ActiveCfg = Debug|x86
		{43C5DEFB-BB9A-438A-8374-4C5409800A0E}.Debug|x86.Build.0 = Debug|x86
		{43C5DEFB-BB9A-438A-8374-4C5409800A0E}.Debug|x86.Deploy.0 = Debug|x86
		{43C5DEFB-BB9A-438A-8374-4C5409800A0E}.Release|Any CPU.ActiveCfg = Release|x86
		{43C5DEFB-BB9A-438A-8374-4C5409800A0E}.Release|Any CPU.Build.0 = Release|x86
		{43C5DEFB-BB9A-438A-8374-4C5409800A0E}.Release|Any CPU.Deploy.0 = Release|x86
		{43C5DEFB-BB9A-438A-8374-4C5409800A0E}.Release|ARM.ActiveCfg = Release|ARM
		{43C5DEFB-BB9A-438A-8374-4C5409800A0E}.Release|ARM.Build.0 = Release|ARM
		{43C5DEFB-BB9A-438A-8374-4C5409800A0E}.Release|ARM.Deploy.0 = Release|ARM
		{43C5DEFB-BB9A-438A-8374-4C5409800A0E}.Release|iPhone.ActiveCfg = Release|x86
		{43C5DEFB-BB9A-438A-8374-4C5409800A0E}.Release|iPhone.Build.0 = Release|x86
		{43C5DEFB-BB9A-438A-8374-4C5409800A0E}.Release|iPhone.Deploy.0 = Release|x86
		{43C5DEFB-BB9A-438A-8374-4C5409800A0E}.Release|iPhoneSimulator.ActiveCfg = Release|x86
		{43C5DEFB-BB9A-438A-8374-4C5409800A0E}.Release|iPhoneSimulator.Build.0 = Release|x86
		{43C5DEFB-BB9A-438A-8374-4C5409800A0E}.Release|iPhoneSimulator.Deploy.0 = Release|x86
		{43C5DEFB-BB9A-438A-8374-4C5409800A0E}.Release|x64.ActiveCfg = Release|x64
		{43C5DEFB-BB9A-438A-8374-4C5409800A0E}.Release|x64.Build.0 = Release|x64
		{43C5DEFB-BB9A-438A-8374-4C5409800A0E}.Release|x64.Deploy.0 = Release|x64
		{43C5DEFB-BB9A-438A-8374-4C5409800A0E}.Release|x86.ActiveCfg = Release|x86
		{43C5DEFB-BB9A-438A-8374-4C5409800A0E}.Release|x86.Build.0 = Release|x86
		{43C5DEFB-BB9A-438A-8374-4C5409800A0E}.Release|x86.Deploy.0 = Release|x86
		{D8E729BC-F935-4F37-84E1-1F8847A4ED6E}.Debug|Any CPU.ActiveCfg = Debug|Any CPU
		{D8E729BC-F935-4F37-84E1-1F8847A4ED6E}.Debug|Any CPU.Build.0 = Debug|Any CPU
		{D8E729BC-F935-4F37-84E1-1F8847A4ED6E}.Debug|Any CPU.Deploy.0 = Debug|Any CPU
		{D8E729BC-F935-4F37-84E1-1F8847A4ED6E}.Debug|ARM.ActiveCfg = Debug|Any CPU
		{D8E729BC-F935-4F37-84E1-1F8847A4ED6E}.Debug|ARM.Build.0 = Debug|Any CPU
		{D8E729BC-F935-4F37-84E1-1F8847A4ED6E}.Debug|ARM.Deploy.0 = Debug|Any CPU
		{D8E729BC-F935-4F37-84E1-1F8847A4ED6E}.Debug|iPhone.ActiveCfg = Debug|Any CPU
		{D8E729BC-F935-4F37-84E1-1F8847A4ED6E}.Debug|iPhone.Build.0 = Debug|Any CPU
		{D8E729BC-F935-4F37-84E1-1F8847A4ED6E}.Debug|iPhone.Deploy.0 = Debug|Any CPU
		{D8E729BC-F935-4F37-84E1-1F8847A4ED6E}.Debug|iPhoneSimulator.ActiveCfg = Debug|Any CPU
		{D8E729BC-F935-4F37-84E1-1F8847A4ED6E}.Debug|iPhoneSimulator.Build.0 = Debug|Any CPU
		{D8E729BC-F935-4F37-84E1-1F8847A4ED6E}.Debug|iPhoneSimulator.Deploy.0 = Debug|Any CPU
		{D8E729BC-F935-4F37-84E1-1F8847A4ED6E}.Debug|x64.ActiveCfg = Debug|Any CPU
		{D8E729BC-F935-4F37-84E1-1F8847A4ED6E}.Debug|x64.Build.0 = Debug|Any CPU
		{D8E729BC-F935-4F37-84E1-1F8847A4ED6E}.Debug|x64.Deploy.0 = Debug|Any CPU
		{D8E729BC-F935-4F37-84E1-1F8847A4ED6E}.Debug|x86.ActiveCfg = Debug|Any CPU
		{D8E729BC-F935-4F37-84E1-1F8847A4ED6E}.Debug|x86.Build.0 = Debug|Any CPU
		{D8E729BC-F935-4F37-84E1-1F8847A4ED6E}.Debug|x86.Deploy.0 = Debug|Any CPU
		{D8E729BC-F935-4F37-84E1-1F8847A4ED6E}.Release|Any CPU.ActiveCfg = Release|Any CPU
		{D8E729BC-F935-4F37-84E1-1F8847A4ED6E}.Release|Any CPU.Build.0 = Release|Any CPU
		{D8E729BC-F935-4F37-84E1-1F8847A4ED6E}.Release|Any CPU.Deploy.0 = Release|Any CPU
		{D8E729BC-F935-4F37-84E1-1F8847A4ED6E}.Release|ARM.ActiveCfg = Release|Any CPU
		{D8E729BC-F935-4F37-84E1-1F8847A4ED6E}.Release|ARM.Build.0 = Release|Any CPU
		{D8E729BC-F935-4F37-84E1-1F8847A4ED6E}.Release|ARM.Deploy.0 = Release|Any CPU
		{D8E729BC-F935-4F37-84E1-1F8847A4ED6E}.Release|iPhone.ActiveCfg = Release|Any CPU
		{D8E729BC-F935-4F37-84E1-1F8847A4ED6E}.Release|iPhone.Build.0 = Release|Any CPU
		{D8E729BC-F935-4F37-84E1-1F8847A4ED6E}.Release|iPhone.Deploy.0 = Release|Any CPU
		{D8E729BC-F935-4F37-84E1-1F8847A4ED6E}.Release|iPhoneSimulator.ActiveCfg = Release|Any CPU
		{D8E729BC-F935-4F37-84E1-1F8847A4ED6E}.Release|iPhoneSimulator.Build.0 = Release|Any CPU
		{D8E729BC-F935-4F37-84E1-1F8847A4ED6E}.Release|iPhoneSimulator.Deploy.0 = Release|Any CPU
		{D8E729BC-F935-4F37-84E1-1F8847A4ED6E}.Release|x64.ActiveCfg = Release|Any CPU
		{D8E729BC-F935-4F37-84E1-1F8847A4ED6E}.Release|x64.Build.0 = Release|Any CPU
		{D8E729BC-F935-4F37-84E1-1F8847A4ED6E}.Release|x64.Deploy.0 = Release|Any CPU
		{D8E729BC-F935-4F37-84E1-1F8847A4ED6E}.Release|x86.ActiveCfg = Release|Any CPU
		{D8E729BC-F935-4F37-84E1-1F8847A4ED6E}.Release|x86.Build.0 = Release|Any CPU
		{D8E729BC-F935-4F37-84E1-1F8847A4ED6E}.Release|x86.Deploy.0 = Release|Any CPU
		{6B7210FE-FD1D-4FB6-8E63-1E6D607E62BD}.Debug|Any CPU.ActiveCfg = Debug|iPhoneSimulator
		{6B7210FE-FD1D-4FB6-8E63-1E6D607E62BD}.Debug|Any CPU.Build.0 = Debug|iPhoneSimulator
		{6B7210FE-FD1D-4FB6-8E63-1E6D607E62BD}.Debug|Any CPU.Deploy.0 = Debug|iPhoneSimulator
		{6B7210FE-FD1D-4FB6-8E63-1E6D607E62BD}.Debug|ARM.ActiveCfg = Debug|iPhone
		{6B7210FE-FD1D-4FB6-8E63-1E6D607E62BD}.Debug|ARM.Build.0 = Debug|iPhone
		{6B7210FE-FD1D-4FB6-8E63-1E6D607E62BD}.Debug|ARM.Deploy.0 = Debug|iPhone
		{6B7210FE-FD1D-4FB6-8E63-1E6D607E62BD}.Debug|iPhone.ActiveCfg = Debug|iPhone
		{6B7210FE-FD1D-4FB6-8E63-1E6D607E62BD}.Debug|iPhone.Build.0 = Debug|iPhone
		{6B7210FE-FD1D-4FB6-8E63-1E6D607E62BD}.Debug|iPhone.Deploy.0 = Debug|iPhone
		{6B7210FE-FD1D-4FB6-8E63-1E6D607E62BD}.Debug|iPhoneSimulator.ActiveCfg = Debug|iPhoneSimulator
		{6B7210FE-FD1D-4FB6-8E63-1E6D607E62BD}.Debug|iPhoneSimulator.Build.0 = Debug|iPhoneSimulator
		{6B7210FE-FD1D-4FB6-8E63-1E6D607E62BD}.Debug|iPhoneSimulator.Deploy.0 = Debug|iPhoneSimulator
		{6B7210FE-FD1D-4FB6-8E63-1E6D607E62BD}.Debug|x64.ActiveCfg = Debug|iPhoneSimulator
		{6B7210FE-FD1D-4FB6-8E63-1E6D607E62BD}.Debug|x64.Build.0 = Debug|iPhoneSimulator
		{6B7210FE-FD1D-4FB6-8E63-1E6D607E62BD}.Debug|x64.Deploy.0 = Debug|iPhoneSimulator
		{6B7210FE-FD1D-4FB6-8E63-1E6D607E62BD}.Debug|x86.ActiveCfg = Debug|iPhoneSimulator
		{6B7210FE-FD1D-4FB6-8E63-1E6D607E62BD}.Debug|x86.Build.0 = Debug|iPhoneSimulator
		{6B7210FE-FD1D-4FB6-8E63-1E6D607E62BD}.Debug|x86.Deploy.0 = Debug|iPhoneSimulator
		{6B7210FE-FD1D-4FB6-8E63-1E6D607E62BD}.Release|Any CPU.ActiveCfg = Release|iPhoneSimulator
		{6B7210FE-FD1D-4FB6-8E63-1E6D607E62BD}.Release|Any CPU.Build.0 = Release|iPhoneSimulator
		{6B7210FE-FD1D-4FB6-8E63-1E6D607E62BD}.Release|Any CPU.Deploy.0 = Release|iPhoneSimulator
		{6B7210FE-FD1D-4FB6-8E63-1E6D607E62BD}.Release|ARM.ActiveCfg = Release|iPhoneSimulator
		{6B7210FE-FD1D-4FB6-8E63-1E6D607E62BD}.Release|ARM.Build.0 = Release|iPhoneSimulator
		{6B7210FE-FD1D-4FB6-8E63-1E6D607E62BD}.Release|ARM.Deploy.0 = Release|iPhoneSimulator
		{6B7210FE-FD1D-4FB6-8E63-1E6D607E62BD}.Release|iPhone.ActiveCfg = Release|iPhone
		{6B7210FE-FD1D-4FB6-8E63-1E6D607E62BD}.Release|iPhone.Build.0 = Release|iPhone
		{6B7210FE-FD1D-4FB6-8E63-1E6D607E62BD}.Release|iPhone.Deploy.0 = Release|iPhone
		{6B7210FE-FD1D-4FB6-8E63-1E6D607E62BD}.Release|iPhoneSimulator.ActiveCfg = Release|iPhoneSimulator
		{6B7210FE-FD1D-4FB6-8E63-1E6D607E62BD}.Release|iPhoneSimulator.Build.0 = Release|iPhoneSimulator
		{6B7210FE-FD1D-4FB6-8E63-1E6D607E62BD}.Release|iPhoneSimulator.Deploy.0 = Release|iPhoneSimulator
		{6B7210FE-FD1D-4FB6-8E63-1E6D607E62BD}.Release|x64.ActiveCfg = Release|iPhoneSimulator
		{6B7210FE-FD1D-4FB6-8E63-1E6D607E62BD}.Release|x64.Build.0 = Release|iPhoneSimulator
		{6B7210FE-FD1D-4FB6-8E63-1E6D607E62BD}.Release|x64.Deploy.0 = Release|iPhoneSimulator
		{6B7210FE-FD1D-4FB6-8E63-1E6D607E62BD}.Release|x86.ActiveCfg = Release|iPhoneSimulator
		{6B7210FE-FD1D-4FB6-8E63-1E6D607E62BD}.Release|x86.Build.0 = Release|iPhoneSimulator
		{6B7210FE-FD1D-4FB6-8E63-1E6D607E62BD}.Release|x86.Deploy.0 = Release|iPhoneSimulator
		{13048C18-0025-4AAE-A5DD-575E4C866D34}.Debug|Any CPU.ActiveCfg = Debug|Any CPU
		{13048C18-0025-4AAE-A5DD-575E4C866D34}.Debug|Any CPU.Build.0 = Debug|Any CPU
		{13048C18-0025-4AAE-A5DD-575E4C866D34}.Debug|Any CPU.Deploy.0 = Debug|Any CPU
		{13048C18-0025-4AAE-A5DD-575E4C866D34}.Debug|ARM.ActiveCfg = Debug|Any CPU
		{13048C18-0025-4AAE-A5DD-575E4C866D34}.Debug|ARM.Build.0 = Debug|Any CPU
		{13048C18-0025-4AAE-A5DD-575E4C866D34}.Debug|ARM.Deploy.0 = Debug|Any CPU
		{13048C18-0025-4AAE-A5DD-575E4C866D34}.Debug|iPhone.ActiveCfg = Debug|Any CPU
		{13048C18-0025-4AAE-A5DD-575E4C866D34}.Debug|iPhone.Build.0 = Debug|Any CPU
		{13048C18-0025-4AAE-A5DD-575E4C866D34}.Debug|iPhone.Deploy.0 = Debug|Any CPU
		{13048C18-0025-4AAE-A5DD-575E4C866D34}.Debug|iPhoneSimulator.ActiveCfg = Debug|Any CPU
		{13048C18-0025-4AAE-A5DD-575E4C866D34}.Debug|iPhoneSimulator.Build.0 = Debug|Any CPU
		{13048C18-0025-4AAE-A5DD-575E4C866D34}.Debug|iPhoneSimulator.Deploy.0 = Debug|Any CPU
		{13048C18-0025-4AAE-A5DD-575E4C866D34}.Debug|x64.ActiveCfg = Debug|Any CPU
		{13048C18-0025-4AAE-A5DD-575E4C866D34}.Debug|x64.Build.0 = Debug|Any CPU
		{13048C18-0025-4AAE-A5DD-575E4C866D34}.Debug|x64.Deploy.0 = Debug|Any CPU
		{13048C18-0025-4AAE-A5DD-575E4C866D34}.Debug|x86.ActiveCfg = Debug|Any CPU
		{13048C18-0025-4AAE-A5DD-575E4C866D34}.Debug|x86.Build.0 = Debug|Any CPU
		{13048C18-0025-4AAE-A5DD-575E4C866D34}.Debug|x86.Deploy.0 = Debug|Any CPU
		{13048C18-0025-4AAE-A5DD-575E4C866D34}.Release|Any CPU.ActiveCfg = Release|Any CPU
		{13048C18-0025-4AAE-A5DD-575E4C866D34}.Release|Any CPU.Build.0 = Release|Any CPU
		{13048C18-0025-4AAE-A5DD-575E4C866D34}.Release|Any CPU.Deploy.0 = Release|Any CPU
		{13048C18-0025-4AAE-A5DD-575E4C866D34}.Release|ARM.ActiveCfg = Release|Any CPU
		{13048C18-0025-4AAE-A5DD-575E4C866D34}.Release|ARM.Build.0 = Release|Any CPU
		{13048C18-0025-4AAE-A5DD-575E4C866D34}.Release|ARM.Deploy.0 = Release|Any CPU
		{13048C18-0025-4AAE-A5DD-575E4C866D34}.Release|iPhone.ActiveCfg = Release|Any CPU
		{13048C18-0025-4AAE-A5DD-575E4C866D34}.Release|iPhone.Build.0 = Release|Any CPU
		{13048C18-0025-4AAE-A5DD-575E4C866D34}.Release|iPhone.Deploy.0 = Release|Any CPU
		{13048C18-0025-4AAE-A5DD-575E4C866D34}.Release|iPhoneSimulator.ActiveCfg = Release|Any CPU
		{13048C18-0025-4AAE-A5DD-575E4C866D34}.Release|iPhoneSimulator.Build.0 = Release|Any CPU
		{13048C18-0025-4AAE-A5DD-575E4C866D34}.Release|iPhoneSimulator.Deploy.0 = Release|Any CPU
		{13048C18-0025-4AAE-A5DD-575E4C866D34}.Release|x64.ActiveCfg = Release|Any CPU
		{13048C18-0025-4AAE-A5DD-575E4C866D34}.Release|x64.Build.0 = Release|Any CPU
		{13048C18-0025-4AAE-A5DD-575E4C866D34}.Release|x64.Deploy.0 = Release|Any CPU
		{13048C18-0025-4AAE-A5DD-575E4C866D34}.Release|x86.ActiveCfg = Release|Any CPU
		{13048C18-0025-4AAE-A5DD-575E4C866D34}.Release|x86.Build.0 = Release|Any CPU
		{13048C18-0025-4AAE-A5DD-575E4C866D34}.Release|x86.Deploy.0 = Release|Any CPU
	EndGlobalSection
	GlobalSection(SolutionProperties) = preSolution
		HideSolutionNode = FALSE
	EndGlobalSection
	GlobalSection(ExtensibilityGlobals) = postSolution
		SolutionGuid = {04CB7D5F-F7D4-4F91-8333-064209DF750A}
	EndGlobalSection
EndGlobal
