
Microsoft Visual Studio Solution File, Format Version 12.00
# Visual Studio Version 16
VisualStudioVersion = 16.0.30611.23
MinimumVisualStudioVersion = 10.0.40219.1
Project("{FAE04EC0-301F-11D3-BF4B-00C04F79EFBC}") = "Estilos.UWP", "Estilos\Estilos.UWP\Estilos.UWP.csproj", "{F0C8D33F-48CA-4593-A12C-DF9B1DCE02F3}"
EndProject
Project("{FAE04EC0-301F-11D3-BF4B-00C04F79EFBC}") = "Estilos.Android", "Estilos\Estilos.Android\Estilos.Android.csproj", "{139A12E2-4C01-4798-ACB2-02704B01584F}"
EndProject
Project("{FAE04EC0-301F-11D3-BF4B-00C04F79EFBC}") = "Estilos.iOS", "Estilos\Estilos.iOS\Estilos.iOS.csproj", "{3BFFAEB7-D400-4758-AB44-D1DE18A9F847}"
EndProject
Project("{FAE04EC0-301F-11D3-BF4B-00C04F79EFBC}") = "Estilos", "Estilos\Estilos\Estilos.csproj", "{8AF42FDA-3B52-4F2B-9337-B8AFC67A5DA9}"
EndProject
Global
	GlobalSection(SolutionConfigurationPlatforms) = preSolution
		Debug|Any CPU = Debug|Any CPU
		Debug|ARM = Debug|ARM
		Debug|iPhone = Debug|iPhone
		Debug|iPhoneSimulator = Debug|iPhoneSimulator
		Debug|x64 = Debug|x64
		Debug|x86 = Debug|x86
		Release|Any CPU = Release|Any CPU
		Release|ARM = Release|ARM
		Release|iPhone = Release|iPhone
		Release|iPhoneSimulator = Release|iPhoneSimulator
		Release|x64 = Release|x64
		Release|x86 = Release|x86
	EndGlobalSection
	GlobalSection(ProjectConfigurationPlatforms) = postSolution
		{F0C8D33F-48CA-4593-A12C-DF9B1DCE02F3}.Debug|Any CPU.ActiveCfg = Debug|x86
		{F0C8D33F-48CA-4593-A12C-DF9B1DCE02F3}.Debug|Any CPU.Build.0 = Debug|x86
		{F0C8D33F-48CA-4593-A12C-DF9B1DCE02F3}.Debug|Any CPU.Deploy.0 = Debug|x86
		{F0C8D33F-48CA-4593-A12C-DF9B1DCE02F3}.Debug|ARM.ActiveCfg = Debug|ARM
		{F0C8D33F-48CA-4593-A12C-DF9B1DCE02F3}.Debug|ARM.Build.0 = Debug|ARM
		{F0C8D33F-48CA-4593-A12C-DF9B1DCE02F3}.Debug|ARM.Deploy.0 = Debug|ARM
		{F0C8D33F-48CA-4593-A12C-DF9B1DCE02F3}.Debug|iPhone.ActiveCfg = Debug|x86
		{F0C8D33F-48CA-4593-A12C-DF9B1DCE02F3}.Debug|iPhone.Build.0 = Debug|x86
		{F0C8D33F-48CA-4593-A12C-DF9B1DCE02F3}.Debug|iPhone.Deploy.0 = Debug|x86
		{F0C8D33F-48CA-4593-A12C-DF9B1DCE02F3}.Debug|iPhoneSimulator.ActiveCfg = Debug|x86
		{F0C8D33F-48CA-4593-A12C-DF9B1DCE02F3}.Debug|iPhoneSimulator.Build.0 = Debug|x86
		{F0C8D33F-48CA-4593-A12C-DF9B1DCE02F3}.Debug|iPhoneSimulator.Deploy.0 = Debug|x86
		{F0C8D33F-48CA-4593-A12C-DF9B1DCE02F3}.Debug|x64.ActiveCfg = Debug|x64
		{F0C8D33F-48CA-4593-A12C-DF9B1DCE02F3}.Debug|x64.Build.0 = Debug|x64
		{F0C8D33F-48CA-4593-A12C-DF9B1DCE02F3}.Debug|x64.Deploy.0 = Debug|x64
		{F0C8D33F-48CA-4593-A12C-DF9B1DCE02F3}.Debug|x86.ActiveCfg = Debug|x86
		{F0C8D33F-48CA-4593-A12C-DF9B1DCE02F3}.Debug|x86.Build.0 = Debug|x86
		{F0C8D33F-48CA-4593-A12C-DF9B1DCE02F3}.Debug|x86.Deploy.0 = Debug|x86
		{F0C8D33F-48CA-4593-A12C-DF9B1DCE02F3}.Release|Any CPU.ActiveCfg = Release|x86
		{F0C8D33F-48CA-4593-A12C-DF9B1DCE02F3}.Release|Any CPU.Build.0 = Release|x86
		{F0C8D33F-48CA-4593-A12C-DF9B1DCE02F3}.Release|Any CPU.Deploy.0 = Release|x86
		{F0C8D33F-48CA-4593-A12C-DF9B1DCE02F3}.Release|ARM.ActiveCfg = Release|ARM
		{F0C8D33F-48CA-4593-A12C-DF9B1DCE02F3}.Release|ARM.Build.0 = Release|ARM
		{F0C8D33F-48CA-4593-A12C-DF9B1DCE02F3}.Release|ARM.Deploy.0 = Release|ARM
		{F0C8D33F-48CA-4593-A12C-DF9B1DCE02F3}.Release|iPhone.ActiveCfg = Release|x86
		{F0C8D33F-48CA-4593-A12C-DF9B1DCE02F3}.Release|iPhone.Build.0 = Release|x86
		{F0C8D33F-48CA-4593-A12C-DF9B1DCE02F3}.Release|iPhone.Deploy.0 = Release|x86
		{F0C8D33F-48CA-4593-A12C-DF9B1DCE02F3}.Release|iPhoneSimulator.ActiveCfg = Release|x86
		{F0C8D33F-48CA-4593-A12C-DF9B1DCE02F3}.Release|iPhoneSimulator.Build.0 = Release|x86
		{F0C8D33F-48CA-4593-A12C-DF9B1DCE02F3}.Release|iPhoneSimulator.Deploy.0 = Release|x86
		{F0C8D33F-48CA-4593-A12C-DF9B1DCE02F3}.Release|x64.ActiveCfg = Release|x64
		{F0C8D33F-48CA-4593-A12C-DF9B1DCE02F3}.Release|x64.Build.0 = Release|x64
		{F0C8D33F-48CA-4593-A12C-DF9B1DCE02F3}.Release|x64.Deploy.0 = Release|x64
		{F0C8D33F-48CA-4593-A12C-DF9B1DCE02F3}.Release|x86.ActiveCfg = Release|x86
		{F0C8D33F-48CA-4593-A12C-DF9B1DCE02F3}.Release|x86.Build.0 = Release|x86
		{F0C8D33F-48CA-4593-A12C-DF9B1DCE02F3}.Release|x86.Deploy.0 = Release|x86
		{139A12E2-4C01-4798-ACB2-02704B01584F}.Debug|Any CPU.ActiveCfg = Debug|Any CPU
		{139A12E2-4C01-4798-ACB2-02704B01584F}.Debug|Any CPU.Build.0 = Debug|Any CPU
		{139A12E2-4C01-4798-ACB2-02704B01584F}.Debug|Any CPU.Deploy.0 = Debug|Any CPU
		{139A12E2-4C01-4798-ACB2-02704B01584F}.Debug|ARM.ActiveCfg = Debug|Any CPU
		{139A12E2-4C01-4798-ACB2-02704B01584F}.Debug|ARM.Build.0 = Debug|Any CPU
		{139A12E2-4C01-4798-ACB2-02704B01584F}.Debug|ARM.Deploy.0 = Debug|Any CPU
		{139A12E2-4C01-4798-ACB2-02704B01584F}.Debug|iPhone.ActiveCfg = Debug|Any CPU
		{139A12E2-4C01-4798-ACB2-02704B01584F}.Debug|iPhone.Build.0 = Debug|Any CPU
		{139A12E2-4C01-4798-ACB2-02704B01584F}.Debug|iPhone.Deploy.0 = Debug|Any CPU
		{139A12E2-4C01-4798-ACB2-02704B01584F}.Debug|iPhoneSimulator.ActiveCfg = Debug|Any CPU
		{139A12E2-4C01-4798-ACB2-02704B01584F}.Debug|iPhoneSimulator.Build.0 = Debug|Any CPU
		{139A12E2-4C01-4798-ACB2-02704B01584F}.Debug|iPhoneSimulator.Deploy.0 = Debug|Any CPU
		{139A12E2-4C01-4798-ACB2-02704B01584F}.Debug|x64.ActiveCfg = Debug|Any CPU
		{139A12E2-4C01-4798-ACB2-02704B01584F}.Debug|x64.Build.0 = Debug|Any CPU
		{139A12E2-4C01-4798-ACB2-02704B01584F}.Debug|x64.Deploy.0 = Debug|Any CPU
		{139A12E2-4C01-4798-ACB2-02704B01584F}.Debug|x86.ActiveCfg = Debug|Any CPU
		{139A12E2-4C01-4798-ACB2-02704B01584F}.Debug|x86.Build.0 = Debug|Any CPU
		{139A12E2-4C01-4798-ACB2-02704B01584F}.Debug|x86.Deploy.0 = Debug|Any CPU
		{139A12E2-4C01-4798-ACB2-02704B01584F}.Release|Any CPU.ActiveCfg = Release|Any CPU
		{139A12E2-4C01-4798-ACB2-02704B01584F}.Release|Any CPU.Build.0 = Release|Any CPU
		{139A12E2-4C01-4798-ACB2-02704B01584F}.Release|Any CPU.Deploy.0 = Release|Any CPU
		{139A12E2-4C01-4798-ACB2-02704B01584F}.Release|ARM.ActiveCfg = Release|Any CPU
		{139A12E2-4C01-4798-ACB2-02704B01584F}.Release|ARM.Build.0 = Release|Any CPU
		{139A12E2-4C01-4798-ACB2-02704B01584F}.Release|ARM.Deploy.0 = Release|Any CPU
		{139A12E2-4C01-4798-ACB2-02704B01584F}.Release|iPhone.ActiveCfg = Release|Any CPU
		{139A12E2-4C01-4798-ACB2-02704B01584F}.Release|iPhone.Build.0 = Release|Any CPU
		{139A12E2-4C01-4798-ACB2-02704B01584F}.Release|iPhone.Deploy.0 = Release|Any CPU
		{139A12E2-4C01-4798-ACB2-02704B01584F}.Release|iPhoneSimulator.ActiveCfg = Release|Any CPU
		{139A12E2-4C01-4798-ACB2-02704B01584F}.Release|iPhoneSimulator.Build.0 = Release|Any CPU
		{139A12E2-4C01-4798-ACB2-02704B01584F}.Release|iPhoneSimulator.Deploy.0 = Release|Any CPU
		{139A12E2-4C01-4798-ACB2-02704B01584F}.Release|x64.ActiveCfg = Release|Any CPU
		{139A12E2-4C01-4798-ACB2-02704B01584F}.Release|x64.Build.0 = Release|Any CPU
		{139A12E2-4C01-4798-ACB2-02704B01584F}.Release|x64.Deploy.0 = Release|Any CPU
		{139A12E2-4C01-4798-ACB2-02704B01584F}.Release|x86.ActiveCfg = Release|Any CPU
		{139A12E2-4C01-4798-ACB2-02704B01584F}.Release|x86.Build.0 = Release|Any CPU
		{139A12E2-4C01-4798-ACB2-02704B01584F}.Release|x86.Deploy.0 = Release|Any CPU
		{3BFFAEB7-D400-4758-AB44-D1DE18A9F847}.Debug|Any CPU.ActiveCfg = Debug|iPhoneSimulator
		{3BFFAEB7-D400-4758-AB44-D1DE18A9F847}.Debug|Any CPU.Build.0 = Debug|iPhoneSimulator
		{3BFFAEB7-D400-4758-AB44-D1DE18A9F847}.Debug|Any CPU.Deploy.0 = Debug|iPhoneSimulator
		{3BFFAEB7-D400-4758-AB44-D1DE18A9F847}.Debug|ARM.ActiveCfg = Debug|iPhone
		{3BFFAEB7-D400-4758-AB44-D1DE18A9F847}.Debug|ARM.Build.0 = Debug|iPhone
		{3BFFAEB7-D400-4758-AB44-D1DE18A9F847}.Debug|ARM.Deploy.0 = Debug|iPhone
		{3BFFAEB7-D400-4758-AB44-D1DE18A9F847}.Debug|iPhone.ActiveCfg = Debug|iPhone
		{3BFFAEB7-D400-4758-AB44-D1DE18A9F847}.Debug|iPhone.Build.0 = Debug|iPhone
		{3BFFAEB7-D400-4758-AB44-D1DE18A9F847}.Debug|iPhone.Deploy.0 = Debug|iPhone
		{3BFFAEB7-D400-4758-AB44-D1DE18A9F847}.Debug|iPhoneSimulator.ActiveCfg = Debug|iPhoneSimulator
		{3BFFAEB7-D400-4758-AB44-D1DE18A9F847}.Debug|iPhoneSimulator.Build.0 = Debug|iPhoneSimulator
		{3BFFAEB7-D400-4758-AB44-D1DE18A9F847}.Debug|iPhoneSimulator.Deploy.0 = Debug|iPhoneSimulator
		{3BFFAEB7-D400-4758-AB44-D1DE18A9F847}.Debug|x64.ActiveCfg = Debug|iPhoneSimulator
		{3BFFAEB7-D400-4758-AB44-D1DE18A9F847}.Debug|x64.Build.0 = Debug|iPhoneSimulator
		{3BFFAEB7-D400-4758-AB44-D1DE18A9F847}.Debug|x64.Deploy.0 = Debug|iPhoneSimulator
		{3BFFAEB7-D400-4758-AB44-D1DE18A9F847}.Debug|x86.ActiveCfg = Debug|iPhoneSimulator
		{3BFFAEB7-D400-4758-AB44-D1DE18A9F847}.Debug|x86.Build.0 = Debug|iPhoneSimulator
		{3BFFAEB7-D400-4758-AB44-D1DE18A9F847}.Debug|x86.Deploy.0 = Debug|iPhoneSimulator
		{3BFFAEB7-D400-4758-AB44-D1DE18A9F847}.Release|Any CPU.ActiveCfg = Release|iPhoneSimulator
		{3BFFAEB7-D400-4758-AB44-D1DE18A9F847}.Release|Any CPU.Build.0 = Release|iPhoneSimulator
		{3BFFAEB7-D400-4758-AB44-D1DE18A9F847}.Release|Any CPU.Deploy.0 = Release|iPhoneSimulator
		{3BFFAEB7-D400-4758-AB44-D1DE18A9F847}.Release|ARM.ActiveCfg = Release|iPhoneSimulator
		{3BFFAEB7-D400-4758-AB44-D1DE18A9F847}.Release|ARM.Build.0 = Release|iPhoneSimulator
		{3BFFAEB7-D400-4758-AB44-D1DE18A9F847}.Release|ARM.Deploy.0 = Release|iPhoneSimulator
		{3BFFAEB7-D400-4758-AB44-D1DE18A9F847}.Release|iPhone.ActiveCfg = Release|iPhone
		{3BFFAEB7-D400-4758-AB44-D1DE18A9F847}.Release|iPhone.Build.0 = Release|iPhone
		{3BFFAEB7-D400-4758-AB44-D1DE18A9F847}.Release|iPhone.Deploy.0 = Release|iPhone
		{3BFFAEB7-D400-4758-AB44-D1DE18A9F847}.Release|iPhoneSimulator.ActiveCfg = Release|iPhoneSimulator
		{3BFFAEB7-D400-4758-AB44-D1DE18A9F847}.Release|iPhoneSimulator.Build.0 = Release|iPhoneSimulator
		{3BFFAEB7-D400-4758-AB44-D1DE18A9F847}.Release|iPhoneSimulator.Deploy.0 = Release|iPhoneSimulator
		{3BFFAEB7-D400-4758-AB44-D1DE18A9F847}.Release|x64.ActiveCfg = Release|iPhoneSimulator
		{3BFFAEB7-D400-4758-AB44-D1DE18A9F847}.Release|x64.Build.0 = Release|iPhoneSimulator
		{3BFFAEB7-D400-4758-AB44-D1DE18A9F847}.Release|x64.Deploy.0 = Release|iPhoneSimulator
		{3BFFAEB7-D400-4758-AB44-D1DE18A9F847}.Release|x86.ActiveCfg = Release|iPhoneSimulator
		{3BFFAEB7-D400-4758-AB44-D1DE18A9F847}.Release|x86.Build.0 = Release|iPhoneSimulator
		{3BFFAEB7-D400-4758-AB44-D1DE18A9F847}.Release|x86.Deploy.0 = Release|iPhoneSimulator
		{8AF42FDA-3B52-4F2B-9337-B8AFC67A5DA9}.Debug|Any CPU.ActiveCfg = Debug|Any CPU
		{8AF42FDA-3B52-4F2B-9337-B8AFC67A5DA9}.Debug|Any CPU.Build.0 = Debug|Any CPU
		{8AF42FDA-3B52-4F2B-9337-B8AFC67A5DA9}.Debug|Any CPU.Deploy.0 = Debug|Any CPU
		{8AF42FDA-3B52-4F2B-9337-B8AFC67A5DA9}.Debug|ARM.ActiveCfg = Debug|Any CPU
		{8AF42FDA-3B52-4F2B-9337-B8AFC67A5DA9}.Debug|ARM.Build.0 = Debug|Any CPU
		{8AF42FDA-3B52-4F2B-9337-B8AFC67A5DA9}.Debug|ARM.Deploy.0 = Debug|Any CPU
		{8AF42FDA-3B52-4F2B-9337-B8AFC67A5DA9}.Debug|iPhone.ActiveCfg = Debug|Any CPU
		{8AF42FDA-3B52-4F2B-9337-B8AFC67A5DA9}.Debug|iPhone.Build.0 = Debug|Any CPU
		{8AF42FDA-3B52-4F2B-9337-B8AFC67A5DA9}.Debug|iPhone.Deploy.0 = Debug|Any CPU
		{8AF42FDA-3B52-4F2B-9337-B8AFC67A5DA9}.Debug|iPhoneSimulator.ActiveCfg = Debug|Any CPU
		{8AF42FDA-3B52-4F2B-9337-B8AFC67A5DA9}.Debug|iPhoneSimulator.Build.0 = Debug|Any CPU
		{8AF42FDA-3B52-4F2B-9337-B8AFC67A5DA9}.Debug|iPhoneSimulator.Deploy.0 = Debug|Any CPU
		{8AF42FDA-3B52-4F2B-9337-B8AFC67A5DA9}.Debug|x64.ActiveCfg = Debug|Any CPU
		{8AF42FDA-3B52-4F2B-9337-B8AFC67A5DA9}.Debug|x64.Build.0 = Debug|Any CPU
		{8AF42FDA-3B52-4F2B-9337-B8AFC67A5DA9}.Debug|x64.Deploy.0 = Debug|Any CPU
		{8AF42FDA-3B52-4F2B-9337-B8AFC67A5DA9}.Debug|x86.ActiveCfg = Debug|Any CPU
		{8AF42FDA-3B52-4F2B-9337-B8AFC67A5DA9}.Debug|x86.Build.0 = Debug|Any CPU
		{8AF42FDA-3B52-4F2B-9337-B8AFC67A5DA9}.Debug|x86.Deploy.0 = Debug|Any CPU
		{8AF42FDA-3B52-4F2B-9337-B8AFC67A5DA9}.Release|Any CPU.ActiveCfg = Release|Any CPU
		{8AF42FDA-3B52-4F2B-9337-B8AFC67A5DA9}.Release|Any CPU.Build.0 = Release|Any CPU
		{8AF42FDA-3B52-4F2B-9337-B8AFC67A5DA9}.Release|Any CPU.Deploy.0 = Release|Any CPU
		{8AF42FDA-3B52-4F2B-9337-B8AFC67A5DA9}.Release|ARM.ActiveCfg = Release|Any CPU
		{8AF42FDA-3B52-4F2B-9337-B8AFC67A5DA9}.Release|ARM.Build.0 = Release|Any CPU
		{8AF42FDA-3B52-4F2B-9337-B8AFC67A5DA9}.Release|ARM.Deploy.0 = Release|Any CPU
		{8AF42FDA-3B52-4F2B-9337-B8AFC67A5DA9}.Release|iPhone.ActiveCfg = Release|Any CPU
		{8AF42FDA-3B52-4F2B-9337-B8AFC67A5DA9}.Release|iPhone.Build.0 = Release|Any CPU
		{8AF42FDA-3B52-4F2B-9337-B8AFC67A5DA9}.Release|iPhone.Deploy.0 = Release|Any CPU
		{8AF42FDA-3B52-4F2B-9337-B8AFC67A5DA9}.Release|iPhoneSimulator.ActiveCfg = Release|Any CPU
		{8AF42FDA-3B52-4F2B-9337-B8AFC67A5DA9}.Release|iPhoneSimulator.Build.0 = Release|Any CPU
		{8AF42FDA-3B52-4F2B-9337-B8AFC67A5DA9}.Release|iPhoneSimulator.Deploy.0 = Release|Any CPU
		{8AF42FDA-3B52-4F2B-9337-B8AFC67A5DA9}.Release|x64.ActiveCfg = Release|Any CPU
		{8AF42FDA-3B52-4F2B-9337-B8AFC67A5DA9}.Release|x64.Build.0 = Release|Any CPU
		{8AF42FDA-3B52-4F2B-9337-B8AFC67A5DA9}.Release|x64.Deploy.0 = Release|Any CPU
		{8AF42FDA-3B52-4F2B-9337-B8AFC67A5DA9}.Release|x86.ActiveCfg = Release|Any CPU
		{8AF42FDA-3B52-4F2B-9337-B8AFC67A5DA9}.Release|x86.Build.0 = Release|Any CPU
		{8AF42FDA-3B52-4F2B-9337-B8AFC67A5DA9}.Release|x86.Deploy.0 = Release|Any CPU
	EndGlobalSection
	GlobalSection(SolutionProperties) = preSolution
		HideSolutionNode = FALSE
	EndGlobalSection
	GlobalSection(ExtensibilityGlobals) = postSolution
		SolutionGuid = {2E3053ED-9F77-41A3-A79B-0963127F8082}
	EndGlobalSection
EndGlobal
