
Microsoft Visual Studio Solution File, Format Version 12.00
# Visual Studio Version 16
VisualStudioVersion = 16.0.30611.23
MinimumVisualStudioVersion = 10.0.40219.1
Project("{FAE04EC0-301F-11D3-BF4B-00C04F79EFBC}") = "Recursos.UWP", "Recursos\Recursos.UWP\Recursos.UWP.csproj", "{D7E7F3C7-DE2F-4189-B645-762FA5BC343F}"
EndProject
Project("{FAE04EC0-301F-11D3-BF4B-00C04F79EFBC}") = "Recursos.Android", "Recursos\Recursos.Android\Recursos.Android.csproj", "{3FCC0A64-5C62-4E80-A875-92289C0A77E0}"
EndProject
Project("{FAE04EC0-301F-11D3-BF4B-00C04F79EFBC}") = "Recursos.iOS", "Recursos\Recursos.iOS\Recursos.iOS.csproj", "{13E13E5B-75B1-403F-9E0D-83359AE44AEA}"
EndProject
Project("{FAE04EC0-301F-11D3-BF4B-00C04F79EFBC}") = "Recursos", "Recursos\Recursos\Recursos.csproj", "{899B62B2-7FE1-4B17-94FF-3F7EAF2DDDA1}"
EndProject
Global
	GlobalSection(SolutionConfigurationPlatforms) = preSolution
		Debug|Any CPU = Debug|Any CPU
		Debug|ARM = Debug|ARM
		Debug|iPhone = Debug|iPhone
		Debug|iPhoneSimulator = Debug|iPhoneSimulator
		Debug|x64 = Debug|x64
		Debug|x86 = Debug|x86
		Release|Any CPU = Release|Any CPU
		Release|ARM = Release|ARM
		Release|iPhone = Release|iPhone
		Release|iPhoneSimulator = Release|iPhoneSimulator
		Release|x64 = Release|x64
		Release|x86 = Release|x86
	EndGlobalSection
	GlobalSection(ProjectConfigurationPlatforms) = postSolution
		{D7E7F3C7-DE2F-4189-B645-762FA5BC343F}.Debug|Any CPU.ActiveCfg = Debug|x86
		{D7E7F3C7-DE2F-4189-B645-762FA5BC343F}.Debug|Any CPU.Build.0 = Debug|x86
		{D7E7F3C7-DE2F-4189-B645-762FA5BC343F}.Debug|Any CPU.Deploy.0 = Debug|x86
		{D7E7F3C7-DE2F-4189-B645-762FA5BC343F}.Debug|ARM.ActiveCfg = Debug|ARM
		{D7E7F3C7-DE2F-4189-B645-762FA5BC343F}.Debug|ARM.Build.0 = Debug|ARM
		{D7E7F3C7-DE2F-4189-B645-762FA5BC343F}.Debug|ARM.Deploy.0 = Debug|ARM
		{D7E7F3C7-DE2F-4189-B645-762FA5BC343F}.Debug|iPhone.ActiveCfg = Debug|x86
		{D7E7F3C7-DE2F-4189-B645-762FA5BC343F}.Debug|iPhone.Build.0 = Debug|x86
		{D7E7F3C7-DE2F-4189-B645-762FA5BC343F}.Debug|iPhone.Deploy.0 = Debug|x86
		{D7E7F3C7-DE2F-4189-B645-762FA5BC343F}.Debug|iPhoneSimulator.ActiveCfg = Debug|x86
		{D7E7F3C7-DE2F-4189-B645-762FA5BC343F}.Debug|iPhoneSimulator.Build.0 = Debug|x86
		{D7E7F3C7-DE2F-4189-B645-762FA5BC343F}.Debug|iPhoneSimulator.Deploy.0 = Debug|x86
		{D7E7F3C7-DE2F-4189-B645-762FA5BC343F}.Debug|x64.ActiveCfg = Debug|x64
		{D7E7F3C7-DE2F-4189-B645-762FA5BC343F}.Debug|x64.Build.0 = Debug|x64
		{D7E7F3C7-DE2F-4189-B645-762FA5BC343F}.Debug|x64.Deploy.0 = Debug|x64
		{D7E7F3C7-DE2F-4189-B645-762FA5BC343F}.Debug|x86.ActiveCfg = Debug|x86
		{D7E7F3C7-DE2F-4189-B645-762FA5BC343F}.Debug|x86.Build.0 = Debug|x86
		{D7E7F3C7-DE2F-4189-B645-762FA5BC343F}.Debug|x86.Deploy.0 = Debug|x86
		{D7E7F3C7-DE2F-4189-B645-762FA5BC343F}.Release|Any CPU.ActiveCfg = Release|x86
		{D7E7F3C7-DE2F-4189-B645-762FA5BC343F}.Release|Any CPU.Build.0 = Release|x86
		{D7E7F3C7-DE2F-4189-B645-762FA5BC343F}.Release|Any CPU.Deploy.0 = Release|x86
		{D7E7F3C7-DE2F-4189-B645-762FA5BC343F}.Release|ARM.ActiveCfg = Release|ARM
		{D7E7F3C7-DE2F-4189-B645-762FA5BC343F}.Release|ARM.Build.0 = Release|ARM
		{D7E7F3C7-DE2F-4189-B645-762FA5BC343F}.Release|ARM.Deploy.0 = Release|ARM
		{D7E7F3C7-DE2F-4189-B645-762FA5BC343F}.Release|iPhone.ActiveCfg = Release|x86
		{D7E7F3C7-DE2F-4189-B645-762FA5BC343F}.Release|iPhone.Build.0 = Release|x86
		{D7E7F3C7-DE2F-4189-B645-762FA5BC343F}.Release|iPhone.Deploy.0 = Release|x86
		{D7E7F3C7-DE2F-4189-B645-762FA5BC343F}.Release|iPhoneSimulator.ActiveCfg = Release|x86
		{D7E7F3C7-DE2F-4189-B645-762FA5BC343F}.Release|iPhoneSimulator.Build.0 = Release|x86
		{D7E7F3C7-DE2F-4189-B645-762FA5BC343F}.Release|iPhoneSimulator.Deploy.0 = Release|x86
		{D7E7F3C7-DE2F-4189-B645-762FA5BC343F}.Release|x64.ActiveCfg = Release|x64
		{D7E7F3C7-DE2F-4189-B645-762FA5BC343F}.Release|x64.Build.0 = Release|x64
		{D7E7F3C7-DE2F-4189-B645-762FA5BC343F}.Release|x64.Deploy.0 = Release|x64
		{D7E7F3C7-DE2F-4189-B645-762FA5BC343F}.Release|x86.ActiveCfg = Release|x86
		{D7E7F3C7-DE2F-4189-B645-762FA5BC343F}.Release|x86.Build.0 = Release|x86
		{D7E7F3C7-DE2F-4189-B645-762FA5BC343F}.Release|x86.Deploy.0 = Release|x86
		{3FCC0A64-5C62-4E80-A875-92289C0A77E0}.Debug|Any CPU.ActiveCfg = Debug|Any CPU
		{3FCC0A64-5C62-4E80-A875-92289C0A77E0}.Debug|Any CPU.Build.0 = Debug|Any CPU
		{3FCC0A64-5C62-4E80-A875-92289C0A77E0}.Debug|Any CPU.Deploy.0 = Debug|Any CPU
		{3FCC0A64-5C62-4E80-A875-92289C0A77E0}.Debug|ARM.ActiveCfg = Debug|Any CPU
		{3FCC0A64-5C62-4E80-A875-92289C0A77E0}.Debug|ARM.Build.0 = Debug|Any CPU
		{3FCC0A64-5C62-4E80-A875-92289C0A77E0}.Debug|ARM.Deploy.0 = Debug|Any CPU
		{3FCC0A64-5C62-4E80-A875-92289C0A77E0}.Debug|iPhone.ActiveCfg = Debug|Any CPU
		{3FCC0A64-5C62-4E80-A875-92289C0A77E0}.Debug|iPhone.Build.0 = Debug|Any CPU
		{3FCC0A64-5C62-4E80-A875-92289C0A77E0}.Debug|iPhone.Deploy.0 = Debug|Any CPU
		{3FCC0A64-5C62-4E80-A875-92289C0A77E0}.Debug|iPhoneSimulator.ActiveCfg = Debug|Any CPU
		{3FCC0A64-5C62-4E80-A875-92289C0A77E0}.Debug|iPhoneSimulator.Build.0 = Debug|Any CPU
		{3FCC0A64-5C62-4E80-A875-92289C0A77E0}.Debug|iPhoneSimulator.Deploy.0 = Debug|Any CPU
		{3FCC0A64-5C62-4E80-A875-92289C0A77E0}.Debug|x64.ActiveCfg = Debug|Any CPU
		{3FCC0A64-5C62-4E80-A875-92289C0A77E0}.Debug|x64.Build.0 = Debug|Any CPU
		{3FCC0A64-5C62-4E80-A875-92289C0A77E0}.Debug|x64.Deploy.0 = Debug|Any CPU
		{3FCC0A64-5C62-4E80-A875-92289C0A77E0}.Debug|x86.ActiveCfg = Debug|Any CPU
		{3FCC0A64-5C62-4E80-A875-92289C0A77E0}.Debug|x86.Build.0 = Debug|Any CPU
		{3FCC0A64-5C62-4E80-A875-92289C0A77E0}.Debug|x86.Deploy.0 = Debug|Any CPU
		{3FCC0A64-5C62-4E80-A875-92289C0A77E0}.Release|Any CPU.ActiveCfg = Release|Any CPU
		{3FCC0A64-5C62-4E80-A875-92289C0A77E0}.Release|Any CPU.Build.0 = Release|Any CPU
		{3FCC0A64-5C62-4E80-A875-92289C0A77E0}.Release|Any CPU.Deploy.0 = Release|Any CPU
		{3FCC0A64-5C62-4E80-A875-92289C0A77E0}.Release|ARM.ActiveCfg = Release|Any CPU
		{3FCC0A64-5C62-4E80-A875-92289C0A77E0}.Release|ARM.Build.0 = Release|Any CPU
		{3FCC0A64-5C62-4E80-A875-92289C0A77E0}.Release|ARM.Deploy.0 = Release|Any CPU
		{3FCC0A64-5C62-4E80-A875-92289C0A77E0}.Release|iPhone.ActiveCfg = Release|Any CPU
		{3FCC0A64-5C62-4E80-A875-92289C0A77E0}.Release|iPhone.Build.0 = Release|Any CPU
		{3FCC0A64-5C62-4E80-A875-92289C0A77E0}.Release|iPhone.Deploy.0 = Release|Any CPU
		{3FCC0A64-5C62-4E80-A875-92289C0A77E0}.Release|iPhoneSimulator.ActiveCfg = Release|Any CPU
		{3FCC0A64-5C62-4E80-A875-92289C0A77E0}.Release|iPhoneSimulator.Build.0 = Release|Any CPU
		{3FCC0A64-5C62-4E80-A875-92289C0A77E0}.Release|iPhoneSimulator.Deploy.0 = Release|Any CPU
		{3FCC0A64-5C62-4E80-A875-92289C0A77E0}.Release|x64.ActiveCfg = Release|Any CPU
		{3FCC0A64-5C62-4E80-A875-92289C0A77E0}.Release|x64.Build.0 = Release|Any CPU
		{3FCC0A64-5C62-4E80-A875-92289C0A77E0}.Release|x64.Deploy.0 = Release|Any CPU
		{3FCC0A64-5C62-4E80-A875-92289C0A77E0}.Release|x86.ActiveCfg = Release|Any CPU
		{3FCC0A64-5C62-4E80-A875-92289C0A77E0}.Release|x86.Build.0 = Release|Any CPU
		{3FCC0A64-5C62-4E80-A875-92289C0A77E0}.Release|x86.Deploy.0 = Release|Any CPU
		{13E13E5B-75B1-403F-9E0D-83359AE44AEA}.Debug|Any CPU.ActiveCfg = Debug|iPhoneSimulator
		{13E13E5B-75B1-403F-9E0D-83359AE44AEA}.Debug|Any CPU.Build.0 = Debug|iPhoneSimulator
		{13E13E5B-75B1-403F-9E0D-83359AE44AEA}.Debug|Any CPU.Deploy.0 = Debug|iPhoneSimulator
		{13E13E5B-75B1-403F-9E0D-83359AE44AEA}.Debug|ARM.ActiveCfg = Debug|iPhone
		{13E13E5B-75B1-403F-9E0D-83359AE44AEA}.Debug|ARM.Build.0 = Debug|iPhone
		{13E13E5B-75B1-403F-9E0D-83359AE44AEA}.Debug|ARM.Deploy.0 = Debug|iPhone
		{13E13E5B-75B1-403F-9E0D-83359AE44AEA}.Debug|iPhone.ActiveCfg = Debug|iPhone
		{13E13E5B-75B1-403F-9E0D-83359AE44AEA}.Debug|iPhone.Build.0 = Debug|iPhone
		{13E13E5B-75B1-403F-9E0D-83359AE44AEA}.Debug|iPhone.Deploy.0 = Debug|iPhone
		{13E13E5B-75B1-403F-9E0D-83359AE44AEA}.Debug|iPhoneSimulator.ActiveCfg = Debug|iPhoneSimulator
		{13E13E5B-75B1-403F-9E0D-83359AE44AEA}.Debug|iPhoneSimulator.Build.0 = Debug|iPhoneSimulator
		{13E13E5B-75B1-403F-9E0D-83359AE44AEA}.Debug|iPhoneSimulator.Deploy.0 = Debug|iPhoneSimulator
		{13E13E5B-75B1-403F-9E0D-83359AE44AEA}.Debug|x64.ActiveCfg = Debug|iPhoneSimulator
		{13E13E5B-75B1-403F-9E0D-83359AE44AEA}.Debug|x64.Build.0 = Debug|iPhoneSimulator
		{13E13E5B-75B1-403F-9E0D-83359AE44AEA}.Debug|x64.Deploy.0 = Debug|iPhoneSimulator
		{13E13E5B-75B1-403F-9E0D-83359AE44AEA}.Debug|x86.ActiveCfg = Debug|iPhoneSimulator
		{13E13E5B-75B1-403F-9E0D-83359AE44AEA}.Debug|x86.Build.0 = Debug|iPhoneSimulator
		{13E13E5B-75B1-403F-9E0D-83359AE44AEA}.Debug|x86.Deploy.0 = Debug|iPhoneSimulator
		{13E13E5B-75B1-403F-9E0D-83359AE44AEA}.Release|Any CPU.ActiveCfg = Release|iPhoneSimulator
		{13E13E5B-75B1-403F-9E0D-83359AE44AEA}.Release|Any CPU.Build.0 = Release|iPhoneSimulator
		{13E13E5B-75B1-403F-9E0D-83359AE44AEA}.Release|Any CPU.Deploy.0 = Release|iPhoneSimulator
		{13E13E5B-75B1-403F-9E0D-83359AE44AEA}.Release|ARM.ActiveCfg = Release|iPhoneSimulator
		{13E13E5B-75B1-403F-9E0D-83359AE44AEA}.Release|ARM.Build.0 = Release|iPhoneSimulator
		{13E13E5B-75B1-403F-9E0D-83359AE44AEA}.Release|ARM.Deploy.0 = Release|iPhoneSimulator
		{13E13E5B-75B1-403F-9E0D-83359AE44AEA}.Release|iPhone.ActiveCfg = Release|iPhone
		{13E13E5B-75B1-403F-9E0D-83359AE44AEA}.Release|iPhone.Build.0 = Release|iPhone
		{13E13E5B-75B1-403F-9E0D-83359AE44AEA}.Release|iPhone.Deploy.0 = Release|iPhone
		{13E13E5B-75B1-403F-9E0D-83359AE44AEA}.Release|iPhoneSimulator.ActiveCfg = Release|iPhoneSimulator
		{13E13E5B-75B1-403F-9E0D-83359AE44AEA}.Release|iPhoneSimulator.Build.0 = Release|iPhoneSimulator
		{13E13E5B-75B1-403F-9E0D-83359AE44AEA}.Release|iPhoneSimulator.Deploy.0 = Release|iPhoneSimulator
		{13E13E5B-75B1-403F-9E0D-83359AE44AEA}.Release|x64.ActiveCfg = Release|iPhoneSimulator
		{13E13E5B-75B1-403F-9E0D-83359AE44AEA}.Release|x64.Build.0 = Release|iPhoneSimulator
		{13E13E5B-75B1-403F-9E0D-83359AE44AEA}.Release|x64.Deploy.0 = Release|iPhoneSimulator
		{13E13E5B-75B1-403F-9E0D-83359AE44AEA}.Release|x86.ActiveCfg = Release|iPhoneSimulator
		{13E13E5B-75B1-403F-9E0D-83359AE44AEA}.Release|x86.Build.0 = Release|iPhoneSimulator
		{13E13E5B-75B1-403F-9E0D-83359AE44AEA}.Release|x86.Deploy.0 = Release|iPhoneSimulator
		{899B62B2-7FE1-4B17-94FF-3F7EAF2DDDA1}.Debug|Any CPU.ActiveCfg = Debug|Any CPU
		{899B62B2-7FE1-4B17-94FF-3F7EAF2DDDA1}.Debug|Any CPU.Build.0 = Debug|Any CPU
		{899B62B2-7FE1-4B17-94FF-3F7EAF2DDDA1}.Debug|Any CPU.Deploy.0 = Debug|Any CPU
		{899B62B2-7FE1-4B17-94FF-3F7EAF2DDDA1}.Debug|ARM.ActiveCfg = Debug|Any CPU
		{899B62B2-7FE1-4B17-94FF-3F7EAF2DDDA1}.Debug|ARM.Build.0 = Debug|Any CPU
		{899B62B2-7FE1-4B17-94FF-3F7EAF2DDDA1}.Debug|ARM.Deploy.0 = Debug|Any CPU
		{899B62B2-7FE1-4B17-94FF-3F7EAF2DDDA1}.Debug|iPhone.ActiveCfg = Debug|Any CPU
		{899B62B2-7FE1-4B17-94FF-3F7EAF2DDDA1}.Debug|iPhone.Build.0 = Debug|Any CPU
		{899B62B2-7FE1-4B17-94FF-3F7EAF2DDDA1}.Debug|iPhone.Deploy.0 = Debug|Any CPU
		{899B62B2-7FE1-4B17-94FF-3F7EAF2DDDA1}.Debug|iPhoneSimulator.ActiveCfg = Debug|Any CPU
		{899B62B2-7FE1-4B17-94FF-3F7EAF2DDDA1}.Debug|iPhoneSimulator.Build.0 = Debug|Any CPU
		{899B62B2-7FE1-4B17-94FF-3F7EAF2DDDA1}.Debug|iPhoneSimulator.Deploy.0 = Debug|Any CPU
		{899B62B2-7FE1-4B17-94FF-3F7EAF2DDDA1}.Debug|x64.ActiveCfg = Debug|Any CPU
		{899B62B2-7FE1-4B17-94FF-3F7EAF2DDDA1}.Debug|x64.Build.0 = Debug|Any CPU
		{899B62B2-7FE1-4B17-94FF-3F7EAF2DDDA1}.Debug|x64.Deploy.0 = Debug|Any CPU
		{899B62B2-7FE1-4B17-94FF-3F7EAF2DDDA1}.Debug|x86.ActiveCfg = Debug|Any CPU
		{899B62B2-7FE1-4B17-94FF-3F7EAF2DDDA1}.Debug|x86.Build.0 = Debug|Any CPU
		{899B62B2-7FE1-4B17-94FF-3F7EAF2DDDA1}.Debug|x86.Deploy.0 = Debug|Any CPU
		{899B62B2-7FE1-4B17-94FF-3F7EAF2DDDA1}.Release|Any CPU.ActiveCfg = Release|Any CPU
		{899B62B2-7FE1-4B17-94FF-3F7EAF2DDDA1}.Release|Any CPU.Build.0 = Release|Any CPU
		{899B62B2-7FE1-4B17-94FF-3F7EAF2DDDA1}.Release|Any CPU.Deploy.0 = Release|Any CPU
		{899B62B2-7FE1-4B17-94FF-3F7EAF2DDDA1}.Release|ARM.ActiveCfg = Release|Any CPU
		{899B62B2-7FE1-4B17-94FF-3F7EAF2DDDA1}.Release|ARM.Build.0 = Release|Any CPU
		{899B62B2-7FE1-4B17-94FF-3F7EAF2DDDA1}.Release|ARM.Deploy.0 = Release|Any CPU
		{899B62B2-7FE1-4B17-94FF-3F7EAF2DDDA1}.Release|iPhone.ActiveCfg = Release|Any CPU
		{899B62B2-7FE1-4B17-94FF-3F7EAF2DDDA1}.Release|iPhone.Build.0 = Release|Any CPU
		{899B62B2-7FE1-4B17-94FF-3F7EAF2DDDA1}.Release|iPhone.Deploy.0 = Release|Any CPU
		{899B62B2-7FE1-4B17-94FF-3F7EAF2DDDA1}.Release|iPhoneSimulator.ActiveCfg = Release|Any CPU
		{899B62B2-7FE1-4B17-94FF-3F7EAF2DDDA1}.Release|iPhoneSimulator.Build.0 = Release|Any CPU
		{899B62B2-7FE1-4B17-94FF-3F7EAF2DDDA1}.Release|iPhoneSimulator.Deploy.0 = Release|Any CPU
		{899B62B2-7FE1-4B17-94FF-3F7EAF2DDDA1}.Release|x64.ActiveCfg = Release|Any CPU
		{899B62B2-7FE1-4B17-94FF-3F7EAF2DDDA1}.Release|x64.Build.0 = Release|Any CPU
		{899B62B2-7FE1-4B17-94FF-3F7EAF2DDDA1}.Release|x64.Deploy.0 = Release|Any CPU
		{899B62B2-7FE1-4B17-94FF-3F7EAF2DDDA1}.Release|x86.ActiveCfg = Release|Any CPU
		{899B62B2-7FE1-4B17-94FF-3F7EAF2DDDA1}.Release|x86.Build.0 = Release|Any CPU
		{899B62B2-7FE1-4B17-94FF-3F7EAF2DDDA1}.Release|x86.Deploy.0 = Release|Any CPU
	EndGlobalSection
	GlobalSection(SolutionProperties) = preSolution
		HideSolutionNode = FALSE
	EndGlobalSection
	GlobalSection(ExtensibilityGlobals) = postSolution
		SolutionGuid = {20DABA2C-3F40-45DD-8A31-EE46D30350D7}
	EndGlobalSection
EndGlobal
