
Microsoft Visual Studio Solution File, Format Version 12.00
# Visual Studio Version 16
VisualStudioVersion = 16.0.30611.23
MinimumVisualStudioVersion = 10.0.40219.1
Project("{FAE04EC0-301F-11D3-BF4B-00C04F79EFBC}") = "ManejoEventos.UWP", "ManejoEventos\ManejoEventos.UWP\ManejoEventos.UWP.csproj", "{1EFE9F83-C1FD-4507-A15B-323D74B5E014}"
EndProject
Project("{FAE04EC0-301F-11D3-BF4B-00C04F79EFBC}") = "ManejoEventos.Android", "ManejoEventos\ManejoEventos.Android\ManejoEventos.Android.csproj", "{DF9C1436-049B-4025-8F64-A497F0E1FC4D}"
EndProject
Project("{FAE04EC0-301F-11D3-BF4B-00C04F79EFBC}") = "ManejoEventos.iOS", "ManejoEventos\ManejoEventos.iOS\ManejoEventos.iOS.csproj", "{66DD42E3-3353-47FD-AC70-D451FD7CE332}"
EndProject
Project("{FAE04EC0-301F-11D3-BF4B-00C04F79EFBC}") = "ManejoEventos", "ManejoEventos\ManejoEventos\ManejoEventos.csproj", "{B4AEC059-F4C3-487F-8DD0-5FC5881B9E8D}"
EndProject
Global
	GlobalSection(SolutionConfigurationPlatforms) = preSolution
		Debug|Any CPU = Debug|Any CPU
		Debug|ARM = Debug|ARM
		Debug|iPhone = Debug|iPhone
		Debug|iPhoneSimulator = Debug|iPhoneSimulator
		Debug|x64 = Debug|x64
		Debug|x86 = Debug|x86
		Release|Any CPU = Release|Any CPU
		Release|ARM = Release|ARM
		Release|iPhone = Release|iPhone
		Release|iPhoneSimulator = Release|iPhoneSimulator
		Release|x64 = Release|x64
		Release|x86 = Release|x86
	EndGlobalSection
	GlobalSection(ProjectConfigurationPlatforms) = postSolution
		{1EFE9F83-C1FD-4507-A15B-323D74B5E014}.Debug|Any CPU.ActiveCfg = Debug|x86
		{1EFE9F83-C1FD-4507-A15B-323D74B5E014}.Debug|Any CPU.Build.0 = Debug|x86
		{1EFE9F83-C1FD-4507-A15B-323D74B5E014}.Debug|Any CPU.Deploy.0 = Debug|x86
		{1EFE9F83-C1FD-4507-A15B-323D74B5E014}.Debug|ARM.ActiveCfg = Debug|ARM
		{1EFE9F83-C1FD-4507-A15B-323D74B5E014}.Debug|ARM.Build.0 = Debug|ARM
		{1EFE9F83-C1FD-4507-A15B-323D74B5E014}.Debug|ARM.Deploy.0 = Debug|ARM
		{1EFE9F83-C1FD-4507-A15B-323D74B5E014}.Debug|iPhone.ActiveCfg = Debug|x86
		{1EFE9F83-C1FD-4507-A15B-323D74B5E014}.Debug|iPhone.Build.0 = Debug|x86
		{1EFE9F83-C1FD-4507-A15B-323D74B5E014}.Debug|iPhone.Deploy.0 = Debug|x86
		{1EFE9F83-C1FD-4507-A15B-323D74B5E014}.Debug|iPhoneSimulator.ActiveCfg = Debug|x86
		{1EFE9F83-C1FD-4507-A15B-323D74B5E014}.Debug|iPhoneSimulator.Build.0 = Debug|x86
		{1EFE9F83-C1FD-4507-A15B-323D74B5E014}.Debug|iPhoneSimulator.Deploy.0 = Debug|x86
		{1EFE9F83-C1FD-4507-A15B-323D74B5E014}.Debug|x64.ActiveCfg = Debug|x64
		{1EFE9F83-C1FD-4507-A15B-323D74B5E014}.Debug|x64.Build.0 = Debug|x64
		{1EFE9F83-C1FD-4507-A15B-323D74B5E014}.Debug|x64.Deploy.0 = Debug|x64
		{1EFE9F83-C1FD-4507-A15B-323D74B5E014}.Debug|x86.ActiveCfg = Debug|x86
		{1EFE9F83-C1FD-4507-A15B-323D74B5E014}.Debug|x86.Build.0 = Debug|x86
		{1EFE9F83-C1FD-4507-A15B-323D74B5E014}.Debug|x86.Deploy.0 = Debug|x86
		{1EFE9F83-C1FD-4507-A15B-323D74B5E014}.Release|Any CPU.ActiveCfg = Release|x86
		{1EFE9F83-C1FD-4507-A15B-323D74B5E014}.Release|Any CPU.Build.0 = Release|x86
		{1EFE9F83-C1FD-4507-A15B-323D74B5E014}.Release|Any CPU.Deploy.0 = Release|x86
		{1EFE9F83-C1FD-4507-A15B-323D74B5E014}.Release|ARM.ActiveCfg = Release|ARM
		{1EFE9F83-C1FD-4507-A15B-323D74B5E014}.Release|ARM.Build.0 = Release|ARM
		{1EFE9F83-C1FD-4507-A15B-323D74B5E014}.Release|ARM.Deploy.0 = Release|ARM
		{1EFE9F83-C1FD-4507-A15B-323D74B5E014}.Release|iPhone.ActiveCfg = Release|x86
		{1EFE9F83-C1FD-4507-A15B-323D74B5E014}.Release|iPhone.Build.0 = Release|x86
		{1EFE9F83-C1FD-4507-A15B-323D74B5E014}.Release|iPhone.Deploy.0 = Release|x86
		{1EFE9F83-C1FD-4507-A15B-323D74B5E014}.Release|iPhoneSimulator.ActiveCfg = Release|x86
		{1EFE9F83-C1FD-4507-A15B-323D74B5E014}.Release|iPhoneSimulator.Build.0 = Release|x86
		{1EFE9F83-C1FD-4507-A15B-323D74B5E014}.Release|iPhoneSimulator.Deploy.0 = Release|x86
		{1EFE9F83-C1FD-4507-A15B-323D74B5E014}.Release|x64.ActiveCfg = Release|x64
		{1EFE9F83-C1FD-4507-A15B-323D74B5E014}.Release|x64.Build.0 = Release|x64
		{1EFE9F83-C1FD-4507-A15B-323D74B5E014}.Release|x64.Deploy.0 = Release|x64
		{1EFE9F83-C1FD-4507-A15B-323D74B5E014}.Release|x86.ActiveCfg = Release|x86
		{1EFE9F83-C1FD-4507-A15B-323D74B5E014}.Release|x86.Build.0 = Release|x86
		{1EFE9F83-C1FD-4507-A15B-323D74B5E014}.Release|x86.Deploy.0 = Release|x86
		{DF9C1436-049B-4025-8F64-A497F0E1FC4D}.Debug|Any CPU.ActiveCfg = Debug|Any CPU
		{DF9C1436-049B-4025-8F64-A497F0E1FC4D}.Debug|Any CPU.Build.0 = Debug|Any CPU
		{DF9C1436-049B-4025-8F64-A497F0E1FC4D}.Debug|Any CPU.Deploy.0 = Debug|Any CPU
		{DF9C1436-049B-4025-8F64-A497F0E1FC4D}.Debug|ARM.ActiveCfg = Debug|Any CPU
		{DF9C1436-049B-4025-8F64-A497F0E1FC4D}.Debug|ARM.Build.0 = Debug|Any CPU
		{DF9C1436-049B-4025-8F64-A497F0E1FC4D}.Debug|ARM.Deploy.0 = Debug|Any CPU
		{DF9C1436-049B-4025-8F64-A497F0E1FC4D}.Debug|iPhone.ActiveCfg = Debug|Any CPU
		{DF9C1436-049B-4025-8F64-A497F0E1FC4D}.Debug|iPhone.Build.0 = Debug|Any CPU
		{DF9C1436-049B-4025-8F64-A497F0E1FC4D}.Debug|iPhone.Deploy.0 = Debug|Any CPU
		{DF9C1436-049B-4025-8F64-A497F0E1FC4D}.Debug|iPhoneSimulator.ActiveCfg = Debug|Any CPU
		{DF9C1436-049B-4025-8F64-A497F0E1FC4D}.Debug|iPhoneSimulator.Build.0 = Debug|Any CPU
		{DF9C1436-049B-4025-8F64-A497F0E1FC4D}.Debug|iPhoneSimulator.Deploy.0 = Debug|Any CPU
		{DF9C1436-049B-4025-8F64-A497F0E1FC4D}.Debug|x64.ActiveCfg = Debug|Any CPU
		{DF9C1436-049B-4025-8F64-A497F0E1FC4D}.Debug|x64.Build.0 = Debug|Any CPU
		{DF9C1436-049B-4025-8F64-A497F0E1FC4D}.Debug|x64.Deploy.0 = Debug|Any CPU
		{DF9C1436-049B-4025-8F64-A497F0E1FC4D}.Debug|x86.ActiveCfg = Debug|Any CPU
		{DF9C1436-049B-4025-8F64-A497F0E1FC4D}.Debug|x86.Build.0 = Debug|Any CPU
		{DF9C1436-049B-4025-8F64-A497F0E1FC4D}.Debug|x86.Deploy.0 = Debug|Any CPU
		{DF9C1436-049B-4025-8F64-A497F0E1FC4D}.Release|Any CPU.ActiveCfg = Release|Any CPU
		{DF9C1436-049B-4025-8F64-A497F0E1FC4D}.Release|Any CPU.Build.0 = Release|Any CPU
		{DF9C1436-049B-4025-8F64-A497F0E1FC4D}.Release|Any CPU.Deploy.0 = Release|Any CPU
		{DF9C1436-049B-4025-8F64-A497F0E1FC4D}.Release|ARM.ActiveCfg = Release|Any CPU
		{DF9C1436-049B-4025-8F64-A497F0E1FC4D}.Release|ARM.Build.0 = Release|Any CPU
		{DF9C1436-049B-4025-8F64-A497F0E1FC4D}.Release|ARM.Deploy.0 = Release|Any CPU
		{DF9C1436-049B-4025-8F64-A497F0E1FC4D}.Release|iPhone.ActiveCfg = Release|Any CPU
		{DF9C1436-049B-4025-8F64-A497F0E1FC4D}.Release|iPhone.Build.0 = Release|Any CPU
		{DF9C1436-049B-4025-8F64-A497F0E1FC4D}.Release|iPhone.Deploy.0 = Release|Any CPU
		{DF9C1436-049B-4025-8F64-A497F0E1FC4D}.Release|iPhoneSimulator.ActiveCfg = Release|Any CPU
		{DF9C1436-049B-4025-8F64-A497F0E1FC4D}.Release|iPhoneSimulator.Build.0 = Release|Any CPU
		{DF9C1436-049B-4025-8F64-A497F0E1FC4D}.Release|iPhoneSimulator.Deploy.0 = Release|Any CPU
		{DF9C1436-049B-4025-8F64-A497F0E1FC4D}.Release|x64.ActiveCfg = Release|Any CPU
		{DF9C1436-049B-4025-8F64-A497F0E1FC4D}.Release|x64.Build.0 = Release|Any CPU
		{DF9C1436-049B-4025-8F64-A497F0E1FC4D}.Release|x64.Deploy.0 = Release|Any CPU
		{DF9C1436-049B-4025-8F64-A497F0E1FC4D}.Release|x86.ActiveCfg = Release|Any CPU
		{DF9C1436-049B-4025-8F64-A497F0E1FC4D}.Release|x86.Build.0 = Release|Any CPU
		{DF9C1436-049B-4025-8F64-A497F0E1FC4D}.Release|x86.Deploy.0 = Release|Any CPU
		{66DD42E3-3353-47FD-AC70-D451FD7CE332}.Debug|Any CPU.ActiveCfg = Debug|iPhoneSimulator
		{66DD42E3-3353-47FD-AC70-D451FD7CE332}.Debug|Any CPU.Build.0 = Debug|iPhoneSimulator
		{66DD42E3-3353-47FD-AC70-D451FD7CE332}.Debug|Any CPU.Deploy.0 = Debug|iPhoneSimulator
		{66DD42E3-3353-47FD-AC70-D451FD7CE332}.Debug|ARM.ActiveCfg = Debug|iPhone
		{66DD42E3-3353-47FD-AC70-D451FD7CE332}.Debug|ARM.Build.0 = Debug|iPhone
		{66DD42E3-3353-47FD-AC70-D451FD7CE332}.Debug|ARM.Deploy.0 = Debug|iPhone
		{66DD42E3-3353-47FD-AC70-D451FD7CE332}.Debug|iPhone.ActiveCfg = Debug|iPhone
		{66DD42E3-3353-47FD-AC70-D451FD7CE332}.Debug|iPhone.Build.0 = Debug|iPhone
		{66DD42E3-3353-47FD-AC70-D451FD7CE332}.Debug|iPhone.Deploy.0 = Debug|iPhone
		{66DD42E3-3353-47FD-AC70-D451FD7CE332}.Debug|iPhoneSimulator.ActiveCfg = Debug|iPhoneSimulator
		{66DD42E3-3353-47FD-AC70-D451FD7CE332}.Debug|iPhoneSimulator.Build.0 = Debug|iPhoneSimulator
		{66DD42E3-3353-47FD-AC70-D451FD7CE332}.Debug|iPhoneSimulator.Deploy.0 = Debug|iPhoneSimulator
		{66DD42E3-3353-47FD-AC70-D451FD7CE332}.Debug|x64.ActiveCfg = Debug|iPhoneSimulator
		{66DD42E3-3353-47FD-AC70-D451FD7CE332}.Debug|x64.Build.0 = Debug|iPhoneSimulator
		{66DD42E3-3353-47FD-AC70-D451FD7CE332}.Debug|x64.Deploy.0 = Debug|iPhoneSimulator
		{66DD42E3-3353-47FD-AC70-D451FD7CE332}.Debug|x86.ActiveCfg = Debug|iPhoneSimulator
		{66DD42E3-3353-47FD-AC70-D451FD7CE332}.Debug|x86.Build.0 = Debug|iPhoneSimulator
		{66DD42E3-3353-47FD-AC70-D451FD7CE332}.Debug|x86.Deploy.0 = Debug|iPhoneSimulator
		{66DD42E3-3353-47FD-AC70-D451FD7CE332}.Release|Any CPU.ActiveCfg = Release|iPhoneSimulator
		{66DD42E3-3353-47FD-AC70-D451FD7CE332}.Release|Any CPU.Build.0 = Release|iPhoneSimulator
		{66DD42E3-3353-47FD-AC70-D451FD7CE332}.Release|Any CPU.Deploy.0 = Release|iPhoneSimulator
		{66DD42E3-3353-47FD-AC70-D451FD7CE332}.Release|ARM.ActiveCfg = Release|iPhoneSimulator
		{66DD42E3-3353-47FD-AC70-D451FD7CE332}.Release|ARM.Build.0 = Release|iPhoneSimulator
		{66DD42E3-3353-47FD-AC70-D451FD7CE332}.Release|ARM.Deploy.0 = Release|iPhoneSimulator
		{66DD42E3-3353-47FD-AC70-D451FD7CE332}.Release|iPhone.ActiveCfg = Release|iPhone
		{66DD42E3-3353-47FD-AC70-D451FD7CE332}.Release|iPhone.Build.0 = Release|iPhone
		{66DD42E3-3353-47FD-AC70-D451FD7CE332}.Release|iPhone.Deploy.0 = Release|iPhone
		{66DD42E3-3353-47FD-AC70-D451FD7CE332}.Release|iPhoneSimulator.ActiveCfg = Release|iPhoneSimulator
		{66DD42E3-3353-47FD-AC70-D451FD7CE332}.Release|iPhoneSimulator.Build.0 = Release|iPhoneSimulator
		{66DD42E3-3353-47FD-AC70-D451FD7CE332}.Release|iPhoneSimulator.Deploy.0 = Release|iPhoneSimulator
		{66DD42E3-3353-47FD-AC70-D451FD7CE332}.Release|x64.ActiveCfg = Release|iPhoneSimulator
		{66DD42E3-3353-47FD-AC70-D451FD7CE332}.Release|x64.Build.0 = Release|iPhoneSimulator
		{66DD42E3-3353-47FD-AC70-D451FD7CE332}.Release|x64.Deploy.0 = Release|iPhoneSimulator
		{66DD42E3-3353-47FD-AC70-D451FD7CE332}.Release|x86.ActiveCfg = Release|iPhoneSimulator
		{66DD42E3-3353-47FD-AC70-D451FD7CE332}.Release|x86.Build.0 = Release|iPhoneSimulator
		{66DD42E3-3353-47FD-AC70-D451FD7CE332}.Release|x86.Deploy.0 = Release|iPhoneSimulator
		{B4AEC059-F4C3-487F-8DD0-5FC5881B9E8D}.Debug|Any CPU.ActiveCfg = Debug|Any CPU
		{B4AEC059-F4C3-487F-8DD0-5FC5881B9E8D}.Debug|Any CPU.Build.0 = Debug|Any CPU
		{B4AEC059-F4C3-487F-8DD0-5FC5881B9E8D}.Debug|Any CPU.Deploy.0 = Debug|Any CPU
		{B4AEC059-F4C3-487F-8DD0-5FC5881B9E8D}.Debug|ARM.ActiveCfg = Debug|Any CPU
		{B4AEC059-F4C3-487F-8DD0-5FC5881B9E8D}.Debug|ARM.Build.0 = Debug|Any CPU
		{B4AEC059-F4C3-487F-8DD0-5FC5881B9E8D}.Debug|ARM.Deploy.0 = Debug|Any CPU
		{B4AEC059-F4C3-487F-8DD0-5FC5881B9E8D}.Debug|iPhone.ActiveCfg = Debug|Any CPU
		{B4AEC059-F4C3-487F-8DD0-5FC5881B9E8D}.Debug|iPhone.Build.0 = Debug|Any CPU
		{B4AEC059-F4C3-487F-8DD0-5FC5881B9E8D}.Debug|iPhone.Deploy.0 = Debug|Any CPU
		{B4AEC059-F4C3-487F-8DD0-5FC5881B9E8D}.Debug|iPhoneSimulator.ActiveCfg = Debug|Any CPU
		{B4AEC059-F4C3-487F-8DD0-5FC5881B9E8D}.Debug|iPhoneSimulator.Build.0 = Debug|Any CPU
		{B4AEC059-F4C3-487F-8DD0-5FC5881B9E8D}.Debug|iPhoneSimulator.Deploy.0 = Debug|Any CPU
		{B4AEC059-F4C3-487F-8DD0-5FC5881B9E8D}.Debug|x64.ActiveCfg = Debug|Any CPU
		{B4AEC059-F4C3-487F-8DD0-5FC5881B9E8D}.Debug|x64.Build.0 = Debug|Any CPU
		{B4AEC059-F4C3-487F-8DD0-5FC5881B9E8D}.Debug|x64.Deploy.0 = Debug|Any CPU
		{B4AEC059-F4C3-487F-8DD0-5FC5881B9E8D}.Debug|x86.ActiveCfg = Debug|Any CPU
		{B4AEC059-F4C3-487F-8DD0-5FC5881B9E8D}.Debug|x86.Build.0 = Debug|Any CPU
		{B4AEC059-F4C3-487F-8DD0-5FC5881B9E8D}.Debug|x86.Deploy.0 = Debug|Any CPU
		{B4AEC059-F4C3-487F-8DD0-5FC5881B9E8D}.Release|Any CPU.ActiveCfg = Release|Any CPU
		{B4AEC059-F4C3-487F-8DD0-5FC5881B9E8D}.Release|Any CPU.Build.0 = Release|Any CPU
		{B4AEC059-F4C3-487F-8DD0-5FC5881B9E8D}.Release|Any CPU.Deploy.0 = Release|Any CPU
		{B4AEC059-F4C3-487F-8DD0-5FC5881B9E8D}.Release|ARM.ActiveCfg = Release|Any CPU
		{B4AEC059-F4C3-487F-8DD0-5FC5881B9E8D}.Release|ARM.Build.0 = Release|Any CPU
		{B4AEC059-F4C3-487F-8DD0-5FC5881B9E8D}.Release|ARM.Deploy.0 = Release|Any CPU
		{B4AEC059-F4C3-487F-8DD0-5FC5881B9E8D}.Release|iPhone.ActiveCfg = Release|Any CPU
		{B4AEC059-F4C3-487F-8DD0-5FC5881B9E8D}.Release|iPhone.Build.0 = Release|Any CPU
		{B4AEC059-F4C3-487F-8DD0-5FC5881B9E8D}.Release|iPhone.Deploy.0 = Release|Any CPU
		{B4AEC059-F4C3-487F-8DD0-5FC5881B9E8D}.Release|iPhoneSimulator.ActiveCfg = Release|Any CPU
		{B4AEC059-F4C3-487F-8DD0-5FC5881B9E8D}.Release|iPhoneSimulator.Build.0 = Release|Any CPU
		{B4AEC059-F4C3-487F-8DD0-5FC5881B9E8D}.Release|iPhoneSimulator.Deploy.0 = Release|Any CPU
		{B4AEC059-F4C3-487F-8DD0-5FC5881B9E8D}.Release|x64.ActiveCfg = Release|Any CPU
		{B4AEC059-F4C3-487F-8DD0-5FC5881B9E8D}.Release|x64.Build.0 = Release|Any CPU
		{B4AEC059-F4C3-487F-8DD0-5FC5881B9E8D}.Release|x64.Deploy.0 = Release|Any CPU
		{B4AEC059-F4C3-487F-8DD0-5FC5881B9E8D}.Release|x86.ActiveCfg = Release|Any CPU
		{B4AEC059-F4C3-487F-8DD0-5FC5881B9E8D}.Release|x86.Build.0 = Release|Any CPU
		{B4AEC059-F4C3-487F-8DD0-5FC5881B9E8D}.Release|x86.Deploy.0 = Release|Any CPU
	EndGlobalSection
	GlobalSection(SolutionProperties) = preSolution
		HideSolutionNode = FALSE
	EndGlobalSection
	GlobalSection(ExtensibilityGlobals) = postSolution
		SolutionGuid = {5BFD3EF7-CB38-4102-8DB0-978C9FBFB2A1}
	EndGlobalSection
EndGlobal
