
Microsoft Visual Studio Solution File, Format Version 12.00
# Visual Studio Version 16
VisualStudioVersion = 16.0.30611.23
MinimumVisualStudioVersion = 10.0.40219.1
Project("{FAE04EC0-301F-11D3-BF4B-00C04F79EFBC}") = "Contenedores.UWP", "Contenedores\Contenedores.UWP\Contenedores.UWP.csproj", "{5A2BB086-9EB1-47BF-820D-8B53F6D0922F}"
EndProject
Project("{FAE04EC0-301F-11D3-BF4B-00C04F79EFBC}") = "Contenedores.Android", "Contenedores\Contenedores.Android\Contenedores.Android.csproj", "{F9D1DE54-F25D-4984-BA10-BE892C4F7681}"
EndProject
Project("{FAE04EC0-301F-11D3-BF4B-00C04F79EFBC}") = "Contenedores.iOS", "Contenedores\Contenedores.iOS\Contenedores.iOS.csproj", "{C33CE9AF-06A9-4A1E-BE60-146A342D1837}"
EndProject
Project("{FAE04EC0-301F-11D3-BF4B-00C04F79EFBC}") = "Contenedores", "Contenedores\Contenedores\Contenedores.csproj", "{FBF53D8C-2CE8-4987-BF4D-DDFC075A942E}"
EndProject
Global
	GlobalSection(SolutionConfigurationPlatforms) = preSolution
		Debug|Any CPU = Debug|Any CPU
		Debug|ARM = Debug|ARM
		Debug|iPhone = Debug|iPhone
		Debug|iPhoneSimulator = Debug|iPhoneSimulator
		Debug|x64 = Debug|x64
		Debug|x86 = Debug|x86
		Release|Any CPU = Release|Any CPU
		Release|ARM = Release|ARM
		Release|iPhone = Release|iPhone
		Release|iPhoneSimulator = Release|iPhoneSimulator
		Release|x64 = Release|x64
		Release|x86 = Release|x86
	EndGlobalSection
	GlobalSection(ProjectConfigurationPlatforms) = postSolution
		{5A2BB086-9EB1-47BF-820D-8B53F6D0922F}.Debug|Any CPU.ActiveCfg = Debug|x86
		{5A2BB086-9EB1-47BF-820D-8B53F6D0922F}.Debug|Any CPU.Build.0 = Debug|x86
		{5A2BB086-9EB1-47BF-820D-8B53F6D0922F}.Debug|Any CPU.Deploy.0 = Debug|x86
		{5A2BB086-9EB1-47BF-820D-8B53F6D0922F}.Debug|ARM.ActiveCfg = Debug|ARM
		{5A2BB086-9EB1-47BF-820D-8B53F6D0922F}.Debug|ARM.Build.0 = Debug|ARM
		{5A2BB086-9EB1-47BF-820D-8B53F6D0922F}.Debug|ARM.Deploy.0 = Debug|ARM
		{5A2BB086-9EB1-47BF-820D-8B53F6D0922F}.Debug|iPhone.ActiveCfg = Debug|x86
		{5A2BB086-9EB1-47BF-820D-8B53F6D0922F}.Debug|iPhone.Build.0 = Debug|x86
		{5A2BB086-9EB1-47BF-820D-8B53F6D0922F}.Debug|iPhone.Deploy.0 = Debug|x86
		{5A2BB086-9EB1-47BF-820D-8B53F6D0922F}.Debug|iPhoneSimulator.ActiveCfg = Debug|x86
		{5A2BB086-9EB1-47BF-820D-8B53F6D0922F}.Debug|iPhoneSimulator.Build.0 = Debug|x86
		{5A2BB086-9EB1-47BF-820D-8B53F6D0922F}.Debug|iPhoneSimulator.Deploy.0 = Debug|x86
		{5A2BB086-9EB1-47BF-820D-8B53F6D0922F}.Debug|x64.ActiveCfg = Debug|x64
		{5A2BB086-9EB1-47BF-820D-8B53F6D0922F}.Debug|x64.Build.0 = Debug|x64
		{5A2BB086-9EB1-47BF-820D-8B53F6D0922F}.Debug|x64.Deploy.0 = Debug|x64
		{5A2BB086-9EB1-47BF-820D-8B53F6D0922F}.Debug|x86.ActiveCfg = Debug|x86
		{5A2BB086-9EB1-47BF-820D-8B53F6D0922F}.Debug|x86.Build.0 = Debug|x86
		{5A2BB086-9EB1-47BF-820D-8B53F6D0922F}.Debug|x86.Deploy.0 = Debug|x86
		{5A2BB086-9EB1-47BF-820D-8B53F6D0922F}.Release|Any CPU.ActiveCfg = Release|x86
		{5A2BB086-9EB1-47BF-820D-8B53F6D0922F}.Release|Any CPU.Build.0 = Release|x86
		{5A2BB086-9EB1-47BF-820D-8B53F6D0922F}.Release|Any CPU.Deploy.0 = Release|x86
		{5A2BB086-9EB1-47BF-820D-8B53F6D0922F}.Release|ARM.ActiveCfg = Release|ARM
		{5A2BB086-9EB1-47BF-820D-8B53F6D0922F}.Release|ARM.Build.0 = Release|ARM
		{5A2BB086-9EB1-47BF-820D-8B53F6D0922F}.Release|ARM.Deploy.0 = Release|ARM
		{5A2BB086-9EB1-47BF-820D-8B53F6D0922F}.Release|iPhone.ActiveCfg = Release|x86
		{5A2BB086-9EB1-47BF-820D-8B53F6D0922F}.Release|iPhone.Build.0 = Release|x86
		{5A2BB086-9EB1-47BF-820D-8B53F6D0922F}.Release|iPhone.Deploy.0 = Release|x86
		{5A2BB086-9EB1-47BF-820D-8B53F6D0922F}.Release|iPhoneSimulator.ActiveCfg = Release|x86
		{5A2BB086-9EB1-47BF-820D-8B53F6D0922F}.Release|iPhoneSimulator.Build.0 = Release|x86
		{5A2BB086-9EB1-47BF-820D-8B53F6D0922F}.Release|iPhoneSimulator.Deploy.0 = Release|x86
		{5A2BB086-9EB1-47BF-820D-8B53F6D0922F}.Release|x64.ActiveCfg = Release|x64
		{5A2BB086-9EB1-47BF-820D-8B53F6D0922F}.Release|x64.Build.0 = Release|x64
		{5A2BB086-9EB1-47BF-820D-8B53F6D0922F}.Release|x64.Deploy.0 = Release|x64
		{5A2BB086-9EB1-47BF-820D-8B53F6D0922F}.Release|x86.ActiveCfg = Release|x86
		{5A2BB086-9EB1-47BF-820D-8B53F6D0922F}.Release|x86.Build.0 = Release|x86
		{5A2BB086-9EB1-47BF-820D-8B53F6D0922F}.Release|x86.Deploy.0 = Release|x86
		{F9D1DE54-F25D-4984-BA10-BE892C4F7681}.Debug|Any CPU.ActiveCfg = Debug|Any CPU
		{F9D1DE54-F25D-4984-BA10-BE892C4F7681}.Debug|Any CPU.Build.0 = Debug|Any CPU
		{F9D1DE54-F25D-4984-BA10-BE892C4F7681}.Debug|Any CPU.Deploy.0 = Debug|Any CPU
		{F9D1DE54-F25D-4984-BA10-BE892C4F7681}.Debug|ARM.ActiveCfg = Debug|Any CPU
		{F9D1DE54-F25D-4984-BA10-BE892C4F7681}.Debug|ARM.Build.0 = Debug|Any CPU
		{F9D1DE54-F25D-4984-BA10-BE892C4F7681}.Debug|ARM.Deploy.0 = Debug|Any CPU
		{F9D1DE54-F25D-4984-BA10-BE892C4F7681}.Debug|iPhone.ActiveCfg = Debug|Any CPU
		{F9D1DE54-F25D-4984-BA10-BE892C4F7681}.Debug|iPhone.Build.0 = Debug|Any CPU
		{F9D1DE54-F25D-4984-BA10-BE892C4F7681}.Debug|iPhone.Deploy.0 = Debug|Any CPU
		{F9D1DE54-F25D-4984-BA10-BE892C4F7681}.Debug|iPhoneSimulator.ActiveCfg = Debug|Any CPU
		{F9D1DE54-F25D-4984-BA10-BE892C4F7681}.Debug|iPhoneSimulator.Build.0 = Debug|Any CPU
		{F9D1DE54-F25D-4984-BA10-BE892C4F7681}.Debug|iPhoneSimulator.Deploy.0 = Debug|Any CPU
		{F9D1DE54-F25D-4984-BA10-BE892C4F7681}.Debug|x64.ActiveCfg = Debug|Any CPU
		{F9D1DE54-F25D-4984-BA10-BE892C4F7681}.Debug|x64.Build.0 = Debug|Any CPU
		{F9D1DE54-F25D-4984-BA10-BE892C4F7681}.Debug|x64.Deploy.0 = Debug|Any CPU
		{F9D1DE54-F25D-4984-BA10-BE892C4F7681}.Debug|x86.ActiveCfg = Debug|Any CPU
		{F9D1DE54-F25D-4984-BA10-BE892C4F7681}.Debug|x86.Build.0 = Debug|Any CPU
		{F9D1DE54-F25D-4984-BA10-BE892C4F7681}.Debug|x86.Deploy.0 = Debug|Any CPU
		{F9D1DE54-F25D-4984-BA10-BE892C4F7681}.Release|Any CPU.ActiveCfg = Release|Any CPU
		{F9D1DE54-F25D-4984-BA10-BE892C4F7681}.Release|Any CPU.Build.0 = Release|Any CPU
		{F9D1DE54-F25D-4984-BA10-BE892C4F7681}.Release|Any CPU.Deploy.0 = Release|Any CPU
		{F9D1DE54-F25D-4984-BA10-BE892C4F7681}.Release|ARM.ActiveCfg = Release|Any CPU
		{F9D1DE54-F25D-4984-BA10-BE892C4F7681}.Release|ARM.Build.0 = Release|Any CPU
		{F9D1DE54-F25D-4984-BA10-BE892C4F7681}.Release|ARM.Deploy.0 = Release|Any CPU
		{F9D1DE54-F25D-4984-BA10-BE892C4F7681}.Release|iPhone.ActiveCfg = Release|Any CPU
		{F9D1DE54-F25D-4984-BA10-BE892C4F7681}.Release|iPhone.Build.0 = Release|Any CPU
		{F9D1DE54-F25D-4984-BA10-BE892C4F7681}.Release|iPhone.Deploy.0 = Release|Any CPU
		{F9D1DE54-F25D-4984-BA10-BE892C4F7681}.Release|iPhoneSimulator.ActiveCfg = Release|Any CPU
		{F9D1DE54-F25D-4984-BA10-BE892C4F7681}.Release|iPhoneSimulator.Build.0 = Release|Any CPU
		{F9D1DE54-F25D-4984-BA10-BE892C4F7681}.Release|iPhoneSimulator.Deploy.0 = Release|Any CPU
		{F9D1DE54-F25D-4984-BA10-BE892C4F7681}.Release|x64.ActiveCfg = Release|Any CPU
		{F9D1DE54-F25D-4984-BA10-BE892C4F7681}.Release|x64.Build.0 = Release|Any CPU
		{F9D1DE54-F25D-4984-BA10-BE892C4F7681}.Release|x64.Deploy.0 = Release|Any CPU
		{F9D1DE54-F25D-4984-BA10-BE892C4F7681}.Release|x86.ActiveCfg = Release|Any CPU
		{F9D1DE54-F25D-4984-BA10-BE892C4F7681}.Release|x86.Build.0 = Release|Any CPU
		{F9D1DE54-F25D-4984-BA10-BE892C4F7681}.Release|x86.Deploy.0 = Release|Any CPU
		{C33CE9AF-06A9-4A1E-BE60-146A342D1837}.Debug|Any CPU.ActiveCfg = Debug|iPhoneSimulator
		{C33CE9AF-06A9-4A1E-BE60-146A342D1837}.Debug|Any CPU.Build.0 = Debug|iPhoneSimulator
		{C33CE9AF-06A9-4A1E-BE60-146A342D1837}.Debug|Any CPU.Deploy.0 = Debug|iPhoneSimulator
		{C33CE9AF-06A9-4A1E-BE60-146A342D1837}.Debug|ARM.ActiveCfg = Debug|iPhone
		{C33CE9AF-06A9-4A1E-BE60-146A342D1837}.Debug|ARM.Build.0 = Debug|iPhone
		{C33CE9AF-06A9-4A1E-BE60-146A342D1837}.Debug|ARM.Deploy.0 = Debug|iPhone
		{C33CE9AF-06A9-4A1E-BE60-146A342D1837}.Debug|iPhone.ActiveCfg = Debug|iPhone
		{C33CE9AF-06A9-4A1E-BE60-146A342D1837}.Debug|iPhone.Build.0 = Debug|iPhone
		{C33CE9AF-06A9-4A1E-BE60-146A342D1837}.Debug|iPhone.Deploy.0 = Debug|iPhone
		{C33CE9AF-06A9-4A1E-BE60-146A342D1837}.Debug|iPhoneSimulator.ActiveCfg = Debug|iPhoneSimulator
		{C33CE9AF-06A9-4A1E-BE60-146A342D1837}.Debug|iPhoneSimulator.Build.0 = Debug|iPhoneSimulator
		{C33CE9AF-06A9-4A1E-BE60-146A342D1837}.Debug|iPhoneSimulator.Deploy.0 = Debug|iPhoneSimulator
		{C33CE9AF-06A9-4A1E-BE60-146A342D1837}.Debug|x64.ActiveCfg = Debug|iPhoneSimulator
		{C33CE9AF-06A9-4A1E-BE60-146A342D1837}.Debug|x64.Build.0 = Debug|iPhoneSimulator
		{C33CE9AF-06A9-4A1E-BE60-146A342D1837}.Debug|x64.Deploy.0 = Debug|iPhoneSimulator
		{C33CE9AF-06A9-4A1E-BE60-146A342D1837}.Debug|x86.ActiveCfg = Debug|iPhoneSimulator
		{C33CE9AF-06A9-4A1E-BE60-146A342D1837}.Debug|x86.Build.0 = Debug|iPhoneSimulator
		{C33CE9AF-06A9-4A1E-BE60-146A342D1837}.Debug|x86.Deploy.0 = Debug|iPhoneSimulator
		{C33CE9AF-06A9-4A1E-BE60-146A342D1837}.Release|Any CPU.ActiveCfg = Release|iPhoneSimulator
		{C33CE9AF-06A9-4A1E-BE60-146A342D1837}.Release|Any CPU.Build.0 = Release|iPhoneSimulator
		{C33CE9AF-06A9-4A1E-BE60-146A342D1837}.Release|Any CPU.Deploy.0 = Release|iPhoneSimulator
		{C33CE9AF-06A9-4A1E-BE60-146A342D1837}.Release|ARM.ActiveCfg = Release|iPhoneSimulator
		{C33CE9AF-06A9-4A1E-BE60-146A342D1837}.Release|ARM.Build.0 = Release|iPhoneSimulator
		{C33CE9AF-06A9-4A1E-BE60-146A342D1837}.Release|ARM.Deploy.0 = Release|iPhoneSimulator
		{C33CE9AF-06A9-4A1E-BE60-146A342D1837}.Release|iPhone.ActiveCfg = Release|iPhone
		{C33CE9AF-06A9-4A1E-BE60-146A342D1837}.Release|iPhone.Build.0 = Release|iPhone
		{C33CE9AF-06A9-4A1E-BE60-146A342D1837}.Release|iPhone.Deploy.0 = Release|iPhone
		{C33CE9AF-06A9-4A1E-BE60-146A342D1837}.Release|iPhoneSimulator.ActiveCfg = Release|iPhoneSimulator
		{C33CE9AF-06A9-4A1E-BE60-146A342D1837}.Release|iPhoneSimulator.Build.0 = Release|iPhoneSimulator
		{C33CE9AF-06A9-4A1E-BE60-146A342D1837}.Release|iPhoneSimulator.Deploy.0 = Release|iPhoneSimulator
		{C33CE9AF-06A9-4A1E-BE60-146A342D1837}.Release|x64.ActiveCfg = Release|iPhoneSimulator
		{C33CE9AF-06A9-4A1E-BE60-146A342D1837}.Release|x64.Build.0 = Release|iPhoneSimulator
		{C33CE9AF-06A9-4A1E-BE60-146A342D1837}.Release|x64.Deploy.0 = Release|iPhoneSimulator
		{C33CE9AF-06A9-4A1E-BE60-146A342D1837}.Release|x86.ActiveCfg = Release|iPhoneSimulator
		{C33CE9AF-06A9-4A1E-BE60-146A342D1837}.Release|x86.Build.0 = Release|iPhoneSimulator
		{C33CE9AF-06A9-4A1E-BE60-146A342D1837}.Release|x86.Deploy.0 = Release|iPhoneSimulator
		{FBF53D8C-2CE8-4987-BF4D-DDFC075A942E}.Debug|Any CPU.ActiveCfg = Debug|Any CPU
		{FBF53D8C-2CE8-4987-BF4D-DDFC075A942E}.Debug|Any CPU.Build.0 = Debug|Any CPU
		{FBF53D8C-2CE8-4987-BF4D-DDFC075A942E}.Debug|Any CPU.Deploy.0 = Debug|Any CPU
		{FBF53D8C-2CE8-4987-BF4D-DDFC075A942E}.Debug|ARM.ActiveCfg = Debug|Any CPU
		{FBF53D8C-2CE8-4987-BF4D-DDFC075A942E}.Debug|ARM.Build.0 = Debug|Any CPU
		{FBF53D8C-2CE8-4987-BF4D-DDFC075A942E}.Debug|ARM.Deploy.0 = Debug|Any CPU
		{FBF53D8C-2CE8-4987-BF4D-DDFC075A942E}.Debug|iPhone.ActiveCfg = Debug|Any CPU
		{FBF53D8C-2CE8-4987-BF4D-DDFC075A942E}.Debug|iPhone.Build.0 = Debug|Any CPU
		{FBF53D8C-2CE8-4987-BF4D-DDFC075A942E}.Debug|iPhone.Deploy.0 = Debug|Any CPU
		{FBF53D8C-2CE8-4987-BF4D-DDFC075A942E}.Debug|iPhoneSimulator.ActiveCfg = Debug|Any CPU
		{FBF53D8C-2CE8-4987-BF4D-DDFC075A942E}.Debug|iPhoneSimulator.Build.0 = Debug|Any CPU
		{FBF53D8C-2CE8-4987-BF4D-DDFC075A942E}.Debug|iPhoneSimulator.Deploy.0 = Debug|Any CPU
		{FBF53D8C-2CE8-4987-BF4D-DDFC075A942E}.Debug|x64.ActiveCfg = Debug|Any CPU
		{FBF53D8C-2CE8-4987-BF4D-DDFC075A942E}.Debug|x64.Build.0 = Debug|Any CPU
		{FBF53D8C-2CE8-4987-BF4D-DDFC075A942E}.Debug|x64.Deploy.0 = Debug|Any CPU
		{FBF53D8C-2CE8-4987-BF4D-DDFC075A942E}.Debug|x86.ActiveCfg = Debug|Any CPU
		{FBF53D8C-2CE8-4987-BF4D-DDFC075A942E}.Debug|x86.Build.0 = Debug|Any CPU
		{FBF53D8C-2CE8-4987-BF4D-DDFC075A942E}.Debug|x86.Deploy.0 = Debug|Any CPU
		{FBF53D8C-2CE8-4987-BF4D-DDFC075A942E}.Release|Any CPU.ActiveCfg = Release|Any CPU
		{FBF53D8C-2CE8-4987-BF4D-DDFC075A942E}.Release|Any CPU.Build.0 = Release|Any CPU
		{FBF53D8C-2CE8-4987-BF4D-DDFC075A942E}.Release|Any CPU.Deploy.0 = Release|Any CPU
		{FBF53D8C-2CE8-4987-BF4D-DDFC075A942E}.Release|ARM.ActiveCfg = Release|Any CPU
		{FBF53D8C-2CE8-4987-BF4D-DDFC075A942E}.Release|ARM.Build.0 = Release|Any CPU
		{FBF53D8C-2CE8-4987-BF4D-DDFC075A942E}.Release|ARM.Deploy.0 = Release|Any CPU
		{FBF53D8C-2CE8-4987-BF4D-DDFC075A942E}.Release|iPhone.ActiveCfg = Release|Any CPU
		{FBF53D8C-2CE8-4987-BF4D-DDFC075A942E}.Release|iPhone.Build.0 = Release|Any CPU
		{FBF53D8C-2CE8-4987-BF4D-DDFC075A942E}.Release|iPhone.Deploy.0 = Release|Any CPU
		{FBF53D8C-2CE8-4987-BF4D-DDFC075A942E}.Release|iPhoneSimulator.ActiveCfg = Release|Any CPU
		{FBF53D8C-2CE8-4987-BF4D-DDFC075A942E}.Release|iPhoneSimulator.Build.0 = Release|Any CPU
		{FBF53D8C-2CE8-4987-BF4D-DDFC075A942E}.Release|iPhoneSimulator.Deploy.0 = Release|Any CPU
		{FBF53D8C-2CE8-4987-BF4D-DDFC075A942E}.Release|x64.ActiveCfg = Release|Any CPU
		{FBF53D8C-2CE8-4987-BF4D-DDFC075A942E}.Release|x64.Build.0 = Release|Any CPU
		{FBF53D8C-2CE8-4987-BF4D-DDFC075A942E}.Release|x64.Deploy.0 = Release|Any CPU
		{FBF53D8C-2CE8-4987-BF4D-DDFC075A942E}.Release|x86.ActiveCfg = Release|Any CPU
		{FBF53D8C-2CE8-4987-BF4D-DDFC075A942E}.Release|x86.Build.0 = Release|Any CPU
		{FBF53D8C-2CE8-4987-BF4D-DDFC075A942E}.Release|x86.Deploy.0 = Release|Any CPU
	EndGlobalSection
	GlobalSection(SolutionProperties) = preSolution
		HideSolutionNode = FALSE
	EndGlobalSection
	GlobalSection(ExtensibilityGlobals) = postSolution
		SolutionGuid = {D0E7A897-3ECE-4746-BE5F-2F751CD97403}
	EndGlobalSection
EndGlobal
