
Microsoft Visual Studio Solution File, Format Version 12.00
# Visual Studio Version 16
VisualStudioVersion = 16.0.30611.23
MinimumVisualStudioVersion = 10.0.40219.1
Project("{FAE04EC0-301F-11D3-BF4B-00C04F79EFBC}") = "TransformacionesAnimaciones.UWP", "TransformacionesAnimaciones\TransformacionesAnimaciones.UWP\TransformacionesAnimaciones.UWP.csproj", "{BA1C37CB-6647-4564-A527-0CE388A129BA}"
EndProject
Project("{FAE04EC0-301F-11D3-BF4B-00C04F79EFBC}") = "TransformacionesAnimaciones.Android", "TransformacionesAnimaciones\TransformacionesAnimaciones.Android\TransformacionesAnimaciones.Android.csproj", "{C972B0F5-A713-478B-B666-D6B364263F1A}"
EndProject
Project("{FAE04EC0-301F-11D3-BF4B-00C04F79EFBC}") = "TransformacionesAnimaciones.iOS", "TransformacionesAnimaciones\TransformacionesAnimaciones.iOS\TransformacionesAnimaciones.iOS.csproj", "{FB29570D-66C6-436F-BB30-027973C04759}"
EndProject
Project("{FAE04EC0-301F-11D3-BF4B-00C04F79EFBC}") = "TransformacionesAnimaciones", "TransformacionesAnimaciones\TransformacionesAnimaciones\TransformacionesAnimaciones.csproj", "{7EE74B24-1322-41E8-AE07-1A67136AE987}"
EndProject
Global
	GlobalSection(SolutionConfigurationPlatforms) = preSolution
		Debug|Any CPU = Debug|Any CPU
		Debug|ARM = Debug|ARM
		Debug|iPhone = Debug|iPhone
		Debug|iPhoneSimulator = Debug|iPhoneSimulator
		Debug|x64 = Debug|x64
		Debug|x86 = Debug|x86
		Release|Any CPU = Release|Any CPU
		Release|ARM = Release|ARM
		Release|iPhone = Release|iPhone
		Release|iPhoneSimulator = Release|iPhoneSimulator
		Release|x64 = Release|x64
		Release|x86 = Release|x86
	EndGlobalSection
	GlobalSection(ProjectConfigurationPlatforms) = postSolution
		{BA1C37CB-6647-4564-A527-0CE388A129BA}.Debug|Any CPU.ActiveCfg = Debug|x86
		{BA1C37CB-6647-4564-A527-0CE388A129BA}.Debug|Any CPU.Build.0 = Debug|x86
		{BA1C37CB-6647-4564-A527-0CE388A129BA}.Debug|Any CPU.Deploy.0 = Debug|x86
		{BA1C37CB-6647-4564-A527-0CE388A129BA}.Debug|ARM.ActiveCfg = Debug|ARM
		{BA1C37CB-6647-4564-A527-0CE388A129BA}.Debug|ARM.Build.0 = Debug|ARM
		{BA1C37CB-6647-4564-A527-0CE388A129BA}.Debug|ARM.Deploy.0 = Debug|ARM
		{BA1C37CB-6647-4564-A527-0CE388A129BA}.Debug|iPhone.ActiveCfg = Debug|x86
		{BA1C37CB-6647-4564-A527-0CE388A129BA}.Debug|iPhone.Build.0 = Debug|x86
		{BA1C37CB-6647-4564-A527-0CE388A129BA}.Debug|iPhone.Deploy.0 = Debug|x86
		{BA1C37CB-6647-4564-A527-0CE388A129BA}.Debug|iPhoneSimulator.ActiveCfg = Debug|x86
		{BA1C37CB-6647-4564-A527-0CE388A129BA}.Debug|iPhoneSimulator.Build.0 = Debug|x86
		{BA1C37CB-6647-4564-A527-0CE388A129BA}.Debug|iPhoneSimulator.Deploy.0 = Debug|x86
		{BA1C37CB-6647-4564-A527-0CE388A129BA}.Debug|x64.ActiveCfg = Debug|x64
		{BA1C37CB-6647-4564-A527-0CE388A129BA}.Debug|x64.Build.0 = Debug|x64
		{BA1C37CB-6647-4564-A527-0CE388A129BA}.Debug|x64.Deploy.0 = Debug|x64
		{BA1C37CB-6647-4564-A527-0CE388A129BA}.Debug|x86.ActiveCfg = Debug|x86
		{BA1C37CB-6647-4564-A527-0CE388A129BA}.Debug|x86.Build.0 = Debug|x86
		{BA1C37CB-6647-4564-A527-0CE388A129BA}.Debug|x86.Deploy.0 = Debug|x86
		{BA1C37CB-6647-4564-A527-0CE388A129BA}.Release|Any CPU.ActiveCfg = Release|x86
		{BA1C37CB-6647-4564-A527-0CE388A129BA}.Release|Any CPU.Build.0 = Release|x86
		{BA1C37CB-6647-4564-A527-0CE388A129BA}.Release|Any CPU.Deploy.0 = Release|x86
		{BA1C37CB-6647-4564-A527-0CE388A129BA}.Release|ARM.ActiveCfg = Release|ARM
		{BA1C37CB-6647-4564-A527-0CE388A129BA}.Release|ARM.Build.0 = Release|ARM
		{BA1C37CB-6647-4564-A527-0CE388A129BA}.Release|ARM.Deploy.0 = Release|ARM
		{BA1C37CB-6647-4564-A527-0CE388A129BA}.Release|iPhone.ActiveCfg = Release|x86
		{BA1C37CB-6647-4564-A527-0CE388A129BA}.Release|iPhone.Build.0 = Release|x86
		{BA1C37CB-6647-4564-A527-0CE388A129BA}.Release|iPhone.Deploy.0 = Release|x86
		{BA1C37CB-6647-4564-A527-0CE388A129BA}.Release|iPhoneSimulator.ActiveCfg = Release|x86
		{BA1C37CB-6647-4564-A527-0CE388A129BA}.Release|iPhoneSimulator.Build.0 = Release|x86
		{BA1C37CB-6647-4564-A527-0CE388A129BA}.Release|iPhoneSimulator.Deploy.0 = Release|x86
		{BA1C37CB-6647-4564-A527-0CE388A129BA}.Release|x64.ActiveCfg = Release|x64
		{BA1C37CB-6647-4564-A527-0CE388A129BA}.Release|x64.Build.0 = Release|x64
		{BA1C37CB-6647-4564-A527-0CE388A129BA}.Release|x64.Deploy.0 = Release|x64
		{BA1C37CB-6647-4564-A527-0CE388A129BA}.Release|x86.ActiveCfg = Release|x86
		{BA1C37CB-6647-4564-A527-0CE388A129BA}.Release|x86.Build.0 = Release|x86
		{BA1C37CB-6647-4564-A527-0CE388A129BA}.Release|x86.Deploy.0 = Release|x86
		{C972B0F5-A713-478B-B666-D6B364263F1A}.Debug|Any CPU.ActiveCfg = Debug|Any CPU
		{C972B0F5-A713-478B-B666-D6B364263F1A}.Debug|Any CPU.Build.0 = Debug|Any CPU
		{C972B0F5-A713-478B-B666-D6B364263F1A}.Debug|Any CPU.Deploy.0 = Debug|Any CPU
		{C972B0F5-A713-478B-B666-D6B364263F1A}.Debug|ARM.ActiveCfg = Debug|Any CPU
		{C972B0F5-A713-478B-B666-D6B364263F1A}.Debug|ARM.Build.0 = Debug|Any CPU
		{C972B0F5-A713-478B-B666-D6B364263F1A}.Debug|ARM.Deploy.0 = Debug|Any CPU
		{C972B0F5-A713-478B-B666-D6B364263F1A}.Debug|iPhone.ActiveCfg = Debug|Any CPU
		{C972B0F5-A713-478B-B666-D6B364263F1A}.Debug|iPhone.Build.0 = Debug|Any CPU
		{C972B0F5-A713-478B-B666-D6B364263F1A}.Debug|iPhone.Deploy.0 = Debug|Any CPU
		{C972B0F5-A713-478B-B666-D6B364263F1A}.Debug|iPhoneSimulator.ActiveCfg = Debug|Any CPU
		{C972B0F5-A713-478B-B666-D6B364263F1A}.Debug|iPhoneSimulator.Build.0 = Debug|Any CPU
		{C972B0F5-A713-478B-B666-D6B364263F1A}.Debug|iPhoneSimulator.Deploy.0 = Debug|Any CPU
		{C972B0F5-A713-478B-B666-D6B364263F1A}.Debug|x64.ActiveCfg = Debug|Any CPU
		{C972B0F5-A713-478B-B666-D6B364263F1A}.Debug|x64.Build.0 = Debug|Any CPU
		{C972B0F5-A713-478B-B666-D6B364263F1A}.Debug|x64.Deploy.0 = Debug|Any CPU
		{C972B0F5-A713-478B-B666-D6B364263F1A}.Debug|x86.ActiveCfg = Debug|Any CPU
		{C972B0F5-A713-478B-B666-D6B364263F1A}.Debug|x86.Build.0 = Debug|Any CPU
		{C972B0F5-A713-478B-B666-D6B364263F1A}.Debug|x86.Deploy.0 = Debug|Any CPU
		{C972B0F5-A713-478B-B666-D6B364263F1A}.Release|Any CPU.ActiveCfg = Release|Any CPU
		{C972B0F5-A713-478B-B666-D6B364263F1A}.Release|Any CPU.Build.0 = Release|Any CPU
		{C972B0F5-A713-478B-B666-D6B364263F1A}.Release|Any CPU.Deploy.0 = Release|Any CPU
		{C972B0F5-A713-478B-B666-D6B364263F1A}.Release|ARM.ActiveCfg = Release|Any CPU
		{C972B0F5-A713-478B-B666-D6B364263F1A}.Release|ARM.Build.0 = Release|Any CPU
		{C972B0F5-A713-478B-B666-D6B364263F1A}.Release|ARM.Deploy.0 = Release|Any CPU
		{C972B0F5-A713-478B-B666-D6B364263F1A}.Release|iPhone.ActiveCfg = Release|Any CPU
		{C972B0F5-A713-478B-B666-D6B364263F1A}.Release|iPhone.Build.0 = Release|Any CPU
		{C972B0F5-A713-478B-B666-D6B364263F1A}.Release|iPhone.Deploy.0 = Release|Any CPU
		{C972B0F5-A713-478B-B666-D6B364263F1A}.Release|iPhoneSimulator.ActiveCfg = Release|Any CPU
		{C972B0F5-A713-478B-B666-D6B364263F1A}.Release|iPhoneSimulator.Build.0 = Release|Any CPU
		{C972B0F5-A713-478B-B666-D6B364263F1A}.Release|iPhoneSimulator.Deploy.0 = Release|Any CPU
		{C972B0F5-A713-478B-B666-D6B364263F1A}.Release|x64.ActiveCfg = Release|Any CPU
		{C972B0F5-A713-478B-B666-D6B364263F1A}.Release|x64.Build.0 = Release|Any CPU
		{C972B0F5-A713-478B-B666-D6B364263F1A}.Release|x64.Deploy.0 = Release|Any CPU
		{C972B0F5-A713-478B-B666-D6B364263F1A}.Release|x86.ActiveCfg = Release|Any CPU
		{C972B0F5-A713-478B-B666-D6B364263F1A}.Release|x86.Build.0 = Release|Any CPU
		{C972B0F5-A713-478B-B666-D6B364263F1A}.Release|x86.Deploy.0 = Release|Any CPU
		{FB29570D-66C6-436F-BB30-027973C04759}.Debug|Any CPU.ActiveCfg = Debug|iPhoneSimulator
		{FB29570D-66C6-436F-BB30-027973C04759}.Debug|Any CPU.Build.0 = Debug|iPhoneSimulator
		{FB29570D-66C6-436F-BB30-027973C04759}.Debug|Any CPU.Deploy.0 = Debug|iPhoneSimulator
		{FB29570D-66C6-436F-BB30-027973C04759}.Debug|ARM.ActiveCfg = Debug|iPhone
		{FB29570D-66C6-436F-BB30-027973C04759}.Debug|ARM.Build.0 = Debug|iPhone
		{FB29570D-66C6-436F-BB30-027973C04759}.Debug|ARM.Deploy.0 = Debug|iPhone
		{FB29570D-66C6-436F-BB30-027973C04759}.Debug|iPhone.ActiveCfg = Debug|iPhone
		{FB29570D-66C6-436F-BB30-027973C04759}.Debug|iPhone.Build.0 = Debug|iPhone
		{FB29570D-66C6-436F-BB30-027973C04759}.Debug|iPhone.Deploy.0 = Debug|iPhone
		{FB29570D-66C6-436F-BB30-027973C04759}.Debug|iPhoneSimulator.ActiveCfg = Debug|iPhoneSimulator
		{FB29570D-66C6-436F-BB30-027973C04759}.Debug|iPhoneSimulator.Build.0 = Debug|iPhoneSimulator
		{FB29570D-66C6-436F-BB30-027973C04759}.Debug|iPhoneSimulator.Deploy.0 = Debug|iPhoneSimulator
		{FB29570D-66C6-436F-BB30-027973C04759}.Debug|x64.ActiveCfg = Debug|iPhoneSimulator
		{FB29570D-66C6-436F-BB30-027973C04759}.Debug|x64.Build.0 = Debug|iPhoneSimulator
		{FB29570D-66C6-436F-BB30-027973C04759}.Debug|x64.Deploy.0 = Debug|iPhoneSimulator
		{FB29570D-66C6-436F-BB30-027973C04759}.Debug|x86.ActiveCfg = Debug|iPhoneSimulator
		{FB29570D-66C6-436F-BB30-027973C04759}.Debug|x86.Build.0 = Debug|iPhoneSimulator
		{FB29570D-66C6-436F-BB30-027973C04759}.Debug|x86.Deploy.0 = Debug|iPhoneSimulator
		{FB29570D-66C6-436F-BB30-027973C04759}.Release|Any CPU.ActiveCfg = Release|iPhoneSimulator
		{FB29570D-66C6-436F-BB30-027973C04759}.Release|Any CPU.Build.0 = Release|iPhoneSimulator
		{FB29570D-66C6-436F-BB30-027973C04759}.Release|Any CPU.Deploy.0 = Release|iPhoneSimulator
		{FB29570D-66C6-436F-BB30-027973C04759}.Release|ARM.ActiveCfg = Release|iPhoneSimulator
		{FB29570D-66C6-436F-BB30-027973C04759}.Release|ARM.Build.0 = Release|iPhoneSimulator
		{FB29570D-66C6-436F-BB30-027973C04759}.Release|ARM.Deploy.0 = Release|iPhoneSimulator
		{FB29570D-66C6-436F-BB30-027973C04759}.Release|iPhone.ActiveCfg = Release|iPhone
		{FB29570D-66C6-436F-BB30-027973C04759}.Release|iPhone.Build.0 = Release|iPhone
		{FB29570D-66C6-436F-BB30-027973C04759}.Release|iPhone.Deploy.0 = Release|iPhone
		{FB29570D-66C6-436F-BB30-027973C04759}.Release|iPhoneSimulator.ActiveCfg = Release|iPhoneSimulator
		{FB29570D-66C6-436F-BB30-027973C04759}.Release|iPhoneSimulator.Build.0 = Release|iPhoneSimulator
		{FB29570D-66C6-436F-BB30-027973C04759}.Release|iPhoneSimulator.Deploy.0 = Release|iPhoneSimulator
		{FB29570D-66C6-436F-BB30-027973C04759}.Release|x64.ActiveCfg = Release|iPhoneSimulator
		{FB29570D-66C6-436F-BB30-027973C04759}.Release|x64.Build.0 = Release|iPhoneSimulator
		{FB29570D-66C6-436F-BB30-027973C04759}.Release|x64.Deploy.0 = Release|iPhoneSimulator
		{FB29570D-66C6-436F-BB30-027973C04759}.Release|x86.ActiveCfg = Release|iPhoneSimulator
		{FB29570D-66C6-436F-BB30-027973C04759}.Release|x86.Build.0 = Release|iPhoneSimulator
		{FB29570D-66C6-436F-BB30-027973C04759}.Release|x86.Deploy.0 = Release|iPhoneSimulator
		{7EE74B24-1322-41E8-AE07-1A67136AE987}.Debug|Any CPU.ActiveCfg = Debug|Any CPU
		{7EE74B24-1322-41E8-AE07-1A67136AE987}.Debug|Any CPU.Build.0 = Debug|Any CPU
		{7EE74B24-1322-41E8-AE07-1A67136AE987}.Debug|Any CPU.Deploy.0 = Debug|Any CPU
		{7EE74B24-1322-41E8-AE07-1A67136AE987}.Debug|ARM.ActiveCfg = Debug|Any CPU
		{7EE74B24-1322-41E8-AE07-1A67136AE987}.Debug|ARM.Build.0 = Debug|Any CPU
		{7EE74B24-1322-41E8-AE07-1A67136AE987}.Debug|ARM.Deploy.0 = Debug|Any CPU
		{7EE74B24-1322-41E8-AE07-1A67136AE987}.Debug|iPhone.ActiveCfg = Debug|Any CPU
		{7EE74B24-1322-41E8-AE07-1A67136AE987}.Debug|iPhone.Build.0 = Debug|Any CPU
		{7EE74B24-1322-41E8-AE07-1A67136AE987}.Debug|iPhone.Deploy.0 = Debug|Any CPU
		{7EE74B24-1322-41E8-AE07-1A67136AE987}.Debug|iPhoneSimulator.ActiveCfg = Debug|Any CPU
		{7EE74B24-1322-41E8-AE07-1A67136AE987}.Debug|iPhoneSimulator.Build.0 = Debug|Any CPU
		{7EE74B24-1322-41E8-AE07-1A67136AE987}.Debug|iPhoneSimulator.Deploy.0 = Debug|Any CPU
		{7EE74B24-1322-41E8-AE07-1A67136AE987}.Debug|x64.ActiveCfg = Debug|Any CPU
		{7EE74B24-1322-41E8-AE07-1A67136AE987}.Debug|x64.Build.0 = Debug|Any CPU
		{7EE74B24-1322-41E8-AE07-1A67136AE987}.Debug|x64.Deploy.0 = Debug|Any CPU
		{7EE74B24-1322-41E8-AE07-1A67136AE987}.Debug|x86.ActiveCfg = Debug|Any CPU
		{7EE74B24-1322-41E8-AE07-1A67136AE987}.Debug|x86.Build.0 = Debug|Any CPU
		{7EE74B24-1322-41E8-AE07-1A67136AE987}.Debug|x86.Deploy.0 = Debug|Any CPU
		{7EE74B24-1322-41E8-AE07-1A67136AE987}.Release|Any CPU.ActiveCfg = Release|Any CPU
		{7EE74B24-1322-41E8-AE07-1A67136AE987}.Release|Any CPU.Build.0 = Release|Any CPU
		{7EE74B24-1322-41E8-AE07-1A67136AE987}.Release|Any CPU.Deploy.0 = Release|Any CPU
		{7EE74B24-1322-41E8-AE07-1A67136AE987}.Release|ARM.ActiveCfg = Release|Any CPU
		{7EE74B24-1322-41E8-AE07-1A67136AE987}.Release|ARM.Build.0 = Release|Any CPU
		{7EE74B24-1322-41E8-AE07-1A67136AE987}.Release|ARM.Deploy.0 = Release|Any CPU
		{7EE74B24-1322-41E8-AE07-1A67136AE987}.Release|iPhone.ActiveCfg = Release|Any CPU
		{7EE74B24-1322-41E8-AE07-1A67136AE987}.Release|iPhone.Build.0 = Release|Any CPU
		{7EE74B24-1322-41E8-AE07-1A67136AE987}.Release|iPhone.Deploy.0 = Release|Any CPU
		{7EE74B24-1322-41E8-AE07-1A67136AE987}.Release|iPhoneSimulator.ActiveCfg = Release|Any CPU
		{7EE74B24-1322-41E8-AE07-1A67136AE987}.Release|iPhoneSimulator.Build.0 = Release|Any CPU
		{7EE74B24-1322-41E8-AE07-1A67136AE987}.Release|iPhoneSimulator.Deploy.0 = Release|Any CPU
		{7EE74B24-1322-41E8-AE07-1A67136AE987}.Release|x64.ActiveCfg = Release|Any CPU
		{7EE74B24-1322-41E8-AE07-1A67136AE987}.Release|x64.Build.0 = Release|Any CPU
		{7EE74B24-1322-41E8-AE07-1A67136AE987}.Release|x64.Deploy.0 = Release|Any CPU
		{7EE74B24-1322-41E8-AE07-1A67136AE987}.Release|x86.ActiveCfg = Release|Any CPU
		{7EE74B24-1322-41E8-AE07-1A67136AE987}.Release|x86.Build.0 = Release|Any CPU
		{7EE74B24-1322-41E8-AE07-1A67136AE987}.Release|x86.Deploy.0 = Release|Any CPU
	EndGlobalSection
	GlobalSection(SolutionProperties) = preSolution
		HideSolutionNode = FALSE
	EndGlobalSection
	GlobalSection(ExtensibilityGlobals) = postSolution
		SolutionGuid = {2951317A-5428-464A-AC48-4D8538FCF00D}
	EndGlobalSection
EndGlobal
