
Microsoft Visual Studio Solution File, Format Version 12.00
# Visual Studio Version 16
VisualStudioVersion = 16.0.30611.23
MinimumVisualStudioVersion = 10.0.40219.1
Project("{FAE04EC0-301F-11D3-BF4B-00C04F79EFBC}") = "Anatomia.UWP", "Anatomia\Anatomia.UWP\Anatomia.UWP.csproj", "{97A44895-49F2-4654-B3E2-6B6D58A4AE4E}"
EndProject
Project("{FAE04EC0-301F-11D3-BF4B-00C04F79EFBC}") = "Anatomia.Android", "Anatomia\Anatomia.Android\Anatomia.Android.csproj", "{0792B3BE-CE2F-43BF-8E07-30A12C21CA2D}"
EndProject
Project("{FAE04EC0-301F-11D3-BF4B-00C04F79EFBC}") = "Anatomia.iOS", "Anatomia\Anatomia.iOS\Anatomia.iOS.csproj", "{83FDA0AB-D2B0-4306-9E21-979A6B415DCB}"
EndProject
Project("{FAE04EC0-301F-11D3-BF4B-00C04F79EFBC}") = "Anatomia", "Anatomia\Anatomia\Anatomia.csproj", "{669AD690-9E10-47E9-A3B6-702B8F579416}"
EndProject
Global
	GlobalSection(SolutionConfigurationPlatforms) = preSolution
		Debug|Any CPU = Debug|Any CPU
		Debug|ARM = Debug|ARM
		Debug|iPhone = Debug|iPhone
		Debug|iPhoneSimulator = Debug|iPhoneSimulator
		Debug|x64 = Debug|x64
		Debug|x86 = Debug|x86
		Release|Any CPU = Release|Any CPU
		Release|ARM = Release|ARM
		Release|iPhone = Release|iPhone
		Release|iPhoneSimulator = Release|iPhoneSimulator
		Release|x64 = Release|x64
		Release|x86 = Release|x86
	EndGlobalSection
	GlobalSection(ProjectConfigurationPlatforms) = postSolution
		{97A44895-49F2-4654-B3E2-6B6D58A4AE4E}.Debug|Any CPU.ActiveCfg = Debug|x86
		{97A44895-49F2-4654-B3E2-6B6D58A4AE4E}.Debug|Any CPU.Build.0 = Debug|x86
		{97A44895-49F2-4654-B3E2-6B6D58A4AE4E}.Debug|Any CPU.Deploy.0 = Debug|x86
		{97A44895-49F2-4654-B3E2-6B6D58A4AE4E}.Debug|ARM.ActiveCfg = Debug|ARM
		{97A44895-49F2-4654-B3E2-6B6D58A4AE4E}.Debug|ARM.Build.0 = Debug|ARM
		{97A44895-49F2-4654-B3E2-6B6D58A4AE4E}.Debug|ARM.Deploy.0 = Debug|ARM
		{97A44895-49F2-4654-B3E2-6B6D58A4AE4E}.Debug|iPhone.ActiveCfg = Debug|x86
		{97A44895-49F2-4654-B3E2-6B6D58A4AE4E}.Debug|iPhone.Build.0 = Debug|x86
		{97A44895-49F2-4654-B3E2-6B6D58A4AE4E}.Debug|iPhone.Deploy.0 = Debug|x86
		{97A44895-49F2-4654-B3E2-6B6D58A4AE4E}.Debug|iPhoneSimulator.ActiveCfg = Debug|x86
		{97A44895-49F2-4654-B3E2-6B6D58A4AE4E}.Debug|iPhoneSimulator.Build.0 = Debug|x86
		{97A44895-49F2-4654-B3E2-6B6D58A4AE4E}.Debug|iPhoneSimulator.Deploy.0 = Debug|x86
		{97A44895-49F2-4654-B3E2-6B6D58A4AE4E}.Debug|x64.ActiveCfg = Debug|x64
		{97A44895-49F2-4654-B3E2-6B6D58A4AE4E}.Debug|x64.Build.0 = Debug|x64
		{97A44895-49F2-4654-B3E2-6B6D58A4AE4E}.Debug|x64.Deploy.0 = Debug|x64
		{97A44895-49F2-4654-B3E2-6B6D58A4AE4E}.Debug|x86.ActiveCfg = Debug|x86
		{97A44895-49F2-4654-B3E2-6B6D58A4AE4E}.Debug|x86.Build.0 = Debug|x86
		{97A44895-49F2-4654-B3E2-6B6D58A4AE4E}.Debug|x86.Deploy.0 = Debug|x86
		{97A44895-49F2-4654-B3E2-6B6D58A4AE4E}.Release|Any CPU.ActiveCfg = Release|x86
		{97A44895-49F2-4654-B3E2-6B6D58A4AE4E}.Release|Any CPU.Build.0 = Release|x86
		{97A44895-49F2-4654-B3E2-6B6D58A4AE4E}.Release|Any CPU.Deploy.0 = Release|x86
		{97A44895-49F2-4654-B3E2-6B6D58A4AE4E}.Release|ARM.ActiveCfg = Release|ARM
		{97A44895-49F2-4654-B3E2-6B6D58A4AE4E}.Release|ARM.Build.0 = Release|ARM
		{97A44895-49F2-4654-B3E2-6B6D58A4AE4E}.Release|ARM.Deploy.0 = Release|ARM
		{97A44895-49F2-4654-B3E2-6B6D58A4AE4E}.Release|iPhone.ActiveCfg = Release|x86
		{97A44895-49F2-4654-B3E2-6B6D58A4AE4E}.Release|iPhone.Build.0 = Release|x86
		{97A44895-49F2-4654-B3E2-6B6D58A4AE4E}.Release|iPhone.Deploy.0 = Release|x86
		{97A44895-49F2-4654-B3E2-6B6D58A4AE4E}.Release|iPhoneSimulator.ActiveCfg = Release|x86
		{97A44895-49F2-4654-B3E2-6B6D58A4AE4E}.Release|iPhoneSimulator.Build.0 = Release|x86
		{97A44895-49F2-4654-B3E2-6B6D58A4AE4E}.Release|iPhoneSimulator.Deploy.0 = Release|x86
		{97A44895-49F2-4654-B3E2-6B6D58A4AE4E}.Release|x64.ActiveCfg = Release|x64
		{97A44895-49F2-4654-B3E2-6B6D58A4AE4E}.Release|x64.Build.0 = Release|x64
		{97A44895-49F2-4654-B3E2-6B6D58A4AE4E}.Release|x64.Deploy.0 = Release|x64
		{97A44895-49F2-4654-B3E2-6B6D58A4AE4E}.Release|x86.ActiveCfg = Release|x86
		{97A44895-49F2-4654-B3E2-6B6D58A4AE4E}.Release|x86.Build.0 = Release|x86
		{97A44895-49F2-4654-B3E2-6B6D58A4AE4E}.Release|x86.Deploy.0 = Release|x86
		{0792B3BE-CE2F-43BF-8E07-30A12C21CA2D}.Debug|Any CPU.ActiveCfg = Debug|Any CPU
		{0792B3BE-CE2F-43BF-8E07-30A12C21CA2D}.Debug|Any CPU.Build.0 = Debug|Any CPU
		{0792B3BE-CE2F-43BF-8E07-30A12C21CA2D}.Debug|Any CPU.Deploy.0 = Debug|Any CPU
		{0792B3BE-CE2F-43BF-8E07-30A12C21CA2D}.Debug|ARM.ActiveCfg = Debug|Any CPU
		{0792B3BE-CE2F-43BF-8E07-30A12C21CA2D}.Debug|ARM.Build.0 = Debug|Any CPU
		{0792B3BE-CE2F-43BF-8E07-30A12C21CA2D}.Debug|ARM.Deploy.0 = Debug|Any CPU
		{0792B3BE-CE2F-43BF-8E07-30A12C21CA2D}.Debug|iPhone.ActiveCfg = Debug|Any CPU
		{0792B3BE-CE2F-43BF-8E07-30A12C21CA2D}.Debug|iPhone.Build.0 = Debug|Any CPU
		{0792B3BE-CE2F-43BF-8E07-30A12C21CA2D}.Debug|iPhone.Deploy.0 = Debug|Any CPU
		{0792B3BE-CE2F-43BF-8E07-30A12C21CA2D}.Debug|iPhoneSimulator.ActiveCfg = Debug|Any CPU
		{0792B3BE-CE2F-43BF-8E07-30A12C21CA2D}.Debug|iPhoneSimulator.Build.0 = Debug|Any CPU
		{0792B3BE-CE2F-43BF-8E07-30A12C21CA2D}.Debug|iPhoneSimulator.Deploy.0 = Debug|Any CPU
		{0792B3BE-CE2F-43BF-8E07-30A12C21CA2D}.Debug|x64.ActiveCfg = Debug|Any CPU
		{0792B3BE-CE2F-43BF-8E07-30A12C21CA2D}.Debug|x64.Build.0 = Debug|Any CPU
		{0792B3BE-CE2F-43BF-8E07-30A12C21CA2D}.Debug|x64.Deploy.0 = Debug|Any CPU
		{0792B3BE-CE2F-43BF-8E07-30A12C21CA2D}.Debug|x86.ActiveCfg = Debug|Any CPU
		{0792B3BE-CE2F-43BF-8E07-30A12C21CA2D}.Debug|x86.Build.0 = Debug|Any CPU
		{0792B3BE-CE2F-43BF-8E07-30A12C21CA2D}.Debug|x86.Deploy.0 = Debug|Any CPU
		{0792B3BE-CE2F-43BF-8E07-30A12C21CA2D}.Release|Any CPU.ActiveCfg = Release|Any CPU
		{0792B3BE-CE2F-43BF-8E07-30A12C21CA2D}.Release|Any CPU.Build.0 = Release|Any CPU
		{0792B3BE-CE2F-43BF-8E07-30A12C21CA2D}.Release|Any CPU.Deploy.0 = Release|Any CPU
		{0792B3BE-CE2F-43BF-8E07-30A12C21CA2D}.Release|ARM.ActiveCfg = Release|Any CPU
		{0792B3BE-CE2F-43BF-8E07-30A12C21CA2D}.Release|ARM.Build.0 = Release|Any CPU
		{0792B3BE-CE2F-43BF-8E07-30A12C21CA2D}.Release|ARM.Deploy.0 = Release|Any CPU
		{0792B3BE-CE2F-43BF-8E07-30A12C21CA2D}.Release|iPhone.ActiveCfg = Release|Any CPU
		{0792B3BE-CE2F-43BF-8E07-30A12C21CA2D}.Release|iPhone.Build.0 = Release|Any CPU
		{0792B3BE-CE2F-43BF-8E07-30A12C21CA2D}.Release|iPhone.Deploy.0 = Release|Any CPU
		{0792B3BE-CE2F-43BF-8E07-30A12C21CA2D}.Release|iPhoneSimulator.ActiveCfg = Release|Any CPU
		{0792B3BE-CE2F-43BF-8E07-30A12C21CA2D}.Release|iPhoneSimulator.Build.0 = Release|Any CPU
		{0792B3BE-CE2F-43BF-8E07-30A12C21CA2D}.Release|iPhoneSimulator.Deploy.0 = Release|Any CPU
		{0792B3BE-CE2F-43BF-8E07-30A12C21CA2D}.Release|x64.ActiveCfg = Release|Any CPU
		{0792B3BE-CE2F-43BF-8E07-30A12C21CA2D}.Release|x64.Build.0 = Release|Any CPU
		{0792B3BE-CE2F-43BF-8E07-30A12C21CA2D}.Release|x64.Deploy.0 = Release|Any CPU
		{0792B3BE-CE2F-43BF-8E07-30A12C21CA2D}.Release|x86.ActiveCfg = Release|Any CPU
		{0792B3BE-CE2F-43BF-8E07-30A12C21CA2D}.Release|x86.Build.0 = Release|Any CPU
		{0792B3BE-CE2F-43BF-8E07-30A12C21CA2D}.Release|x86.Deploy.0 = Release|Any CPU
		{83FDA0AB-D2B0-4306-9E21-979A6B415DCB}.Debug|Any CPU.ActiveCfg = Debug|iPhoneSimulator
		{83FDA0AB-D2B0-4306-9E21-979A6B415DCB}.Debug|Any CPU.Build.0 = Debug|iPhoneSimulator
		{83FDA0AB-D2B0-4306-9E21-979A6B415DCB}.Debug|Any CPU.Deploy.0 = Debug|iPhoneSimulator
		{83FDA0AB-D2B0-4306-9E21-979A6B415DCB}.Debug|ARM.ActiveCfg = Debug|iPhone
		{83FDA0AB-D2B0-4306-9E21-979A6B415DCB}.Debug|ARM.Build.0 = Debug|iPhone
		{83FDA0AB-D2B0-4306-9E21-979A6B415DCB}.Debug|ARM.Deploy.0 = Debug|iPhone
		{83FDA0AB-D2B0-4306-9E21-979A6B415DCB}.Debug|iPhone.ActiveCfg = Debug|iPhone
		{83FDA0AB-D2B0-4306-9E21-979A6B415DCB}.Debug|iPhone.Build.0 = Debug|iPhone
		{83FDA0AB-D2B0-4306-9E21-979A6B415DCB}.Debug|iPhone.Deploy.0 = Debug|iPhone
		{83FDA0AB-D2B0-4306-9E21-979A6B415DCB}.Debug|iPhoneSimulator.ActiveCfg = Debug|iPhoneSimulator
		{83FDA0AB-D2B0-4306-9E21-979A6B415DCB}.Debug|iPhoneSimulator.Build.0 = Debug|iPhoneSimulator
		{83FDA0AB-D2B0-4306-9E21-979A6B415DCB}.Debug|iPhoneSimulator.Deploy.0 = Debug|iPhoneSimulator
		{83FDA0AB-D2B0-4306-9E21-979A6B415DCB}.Debug|x64.ActiveCfg = Debug|iPhoneSimulator
		{83FDA0AB-D2B0-4306-9E21-979A6B415DCB}.Debug|x64.Build.0 = Debug|iPhoneSimulator
		{83FDA0AB-D2B0-4306-9E21-979A6B415DCB}.Debug|x64.Deploy.0 = Debug|iPhoneSimulator
		{83FDA0AB-D2B0-4306-9E21-979A6B415DCB}.Debug|x86.ActiveCfg = Debug|iPhoneSimulator
		{83FDA0AB-D2B0-4306-9E21-979A6B415DCB}.Debug|x86.Build.0 = Debug|iPhoneSimulator
		{83FDA0AB-D2B0-4306-9E21-979A6B415DCB}.Debug|x86.Deploy.0 = Debug|iPhoneSimulator
		{83FDA0AB-D2B0-4306-9E21-979A6B415DCB}.Release|Any CPU.ActiveCfg = Release|iPhoneSimulator
		{83FDA0AB-D2B0-4306-9E21-979A6B415DCB}.Release|Any CPU.Build.0 = Release|iPhoneSimulator
		{83FDA0AB-D2B0-4306-9E21-979A6B415DCB}.Release|Any CPU.Deploy.0 = Release|iPhoneSimulator
		{83FDA0AB-D2B0-4306-9E21-979A6B415DCB}.Release|ARM.ActiveCfg = Release|iPhoneSimulator
		{83FDA0AB-D2B0-4306-9E21-979A6B415DCB}.Release|ARM.Build.0 = Release|iPhoneSimulator
		{83FDA0AB-D2B0-4306-9E21-979A6B415DCB}.Release|ARM.Deploy.0 = Release|iPhoneSimulator
		{83FDA0AB-D2B0-4306-9E21-979A6B415DCB}.Release|iPhone.ActiveCfg = Release|iPhone
		{83FDA0AB-D2B0-4306-9E21-979A6B415DCB}.Release|iPhone.Build.0 = Release|iPhone
		{83FDA0AB-D2B0-4306-9E21-979A6B415DCB}.Release|iPhone.Deploy.0 = Release|iPhone
		{83FDA0AB-D2B0-4306-9E21-979A6B415DCB}.Release|iPhoneSimulator.ActiveCfg = Release|iPhoneSimulator
		{83FDA0AB-D2B0-4306-9E21-979A6B415DCB}.Release|iPhoneSimulator.Build.0 = Release|iPhoneSimulator
		{83FDA0AB-D2B0-4306-9E21-979A6B415DCB}.Release|iPhoneSimulator.Deploy.0 = Release|iPhoneSimulator
		{83FDA0AB-D2B0-4306-9E21-979A6B415DCB}.Release|x64.ActiveCfg = Release|iPhoneSimulator
		{83FDA0AB-D2B0-4306-9E21-979A6B415DCB}.Release|x64.Build.0 = Release|iPhoneSimulator
		{83FDA0AB-D2B0-4306-9E21-979A6B415DCB}.Release|x64.Deploy.0 = Release|iPhoneSimulator
		{83FDA0AB-D2B0-4306-9E21-979A6B415DCB}.Release|x86.ActiveCfg = Release|iPhoneSimulator
		{83FDA0AB-D2B0-4306-9E21-979A6B415DCB}.Release|x86.Build.0 = Release|iPhoneSimulator
		{83FDA0AB-D2B0-4306-9E21-979A6B415DCB}.Release|x86.Deploy.0 = Release|iPhoneSimulator
		{669AD690-9E10-47E9-A3B6-702B8F579416}.Debug|Any CPU.ActiveCfg = Debug|Any CPU
		{669AD690-9E10-47E9-A3B6-702B8F579416}.Debug|Any CPU.Build.0 = Debug|Any CPU
		{669AD690-9E10-47E9-A3B6-702B8F579416}.Debug|Any CPU.Deploy.0 = Debug|Any CPU
		{669AD690-9E10-47E9-A3B6-702B8F579416}.Debug|ARM.ActiveCfg = Debug|Any CPU
		{669AD690-9E10-47E9-A3B6-702B8F579416}.Debug|ARM.Build.0 = Debug|Any CPU
		{669AD690-9E10-47E9-A3B6-702B8F579416}.Debug|ARM.Deploy.0 = Debug|Any CPU
		{669AD690-9E10-47E9-A3B6-702B8F579416}.Debug|iPhone.ActiveCfg = Debug|Any CPU
		{669AD690-9E10-47E9-A3B6-702B8F579416}.Debug|iPhone.Build.0 = Debug|Any CPU
		{669AD690-9E10-47E9-A3B6-702B8F579416}.Debug|iPhone.Deploy.0 = Debug|Any CPU
		{669AD690-9E10-47E9-A3B6-702B8F579416}.Debug|iPhoneSimulator.ActiveCfg = Debug|Any CPU
		{669AD690-9E10-47E9-A3B6-702B8F579416}.Debug|iPhoneSimulator.Build.0 = Debug|Any CPU
		{669AD690-9E10-47E9-A3B6-702B8F579416}.Debug|iPhoneSimulator.Deploy.0 = Debug|Any CPU
		{669AD690-9E10-47E9-A3B6-702B8F579416}.Debug|x64.ActiveCfg = Debug|Any CPU
		{669AD690-9E10-47E9-A3B6-702B8F579416}.Debug|x64.Build.0 = Debug|Any CPU
		{669AD690-9E10-47E9-A3B6-702B8F579416}.Debug|x64.Deploy.0 = Debug|Any CPU
		{669AD690-9E10-47E9-A3B6-702B8F579416}.Debug|x86.ActiveCfg = Debug|Any CPU
		{669AD690-9E10-47E9-A3B6-702B8F579416}.Debug|x86.Build.0 = Debug|Any CPU
		{669AD690-9E10-47E9-A3B6-702B8F579416}.Debug|x86.Deploy.0 = Debug|Any CPU
		{669AD690-9E10-47E9-A3B6-702B8F579416}.Release|Any CPU.ActiveCfg = Release|Any CPU
		{669AD690-9E10-47E9-A3B6-702B8F579416}.Release|Any CPU.Build.0 = Release|Any CPU
		{669AD690-9E10-47E9-A3B6-702B8F579416}.Release|Any CPU.Deploy.0 = Release|Any CPU
		{669AD690-9E10-47E9-A3B6-702B8F579416}.Release|ARM.ActiveCfg = Release|Any CPU
		{669AD690-9E10-47E9-A3B6-702B8F579416}.Release|ARM.Build.0 = Release|Any CPU
		{669AD690-9E10-47E9-A3B6-702B8F579416}.Release|ARM.Deploy.0 = Release|Any CPU
		{669AD690-9E10-47E9-A3B6-702B8F579416}.Release|iPhone.ActiveCfg = Release|Any CPU
		{669AD690-9E10-47E9-A3B6-702B8F579416}.Release|iPhone.Build.0 = Release|Any CPU
		{669AD690-9E10-47E9-A3B6-702B8F579416}.Release|iPhone.Deploy.0 = Release|Any CPU
		{669AD690-9E10-47E9-A3B6-702B8F579416}.Release|iPhoneSimulator.ActiveCfg = Release|Any CPU
		{669AD690-9E10-47E9-A3B6-702B8F579416}.Release|iPhoneSimulator.Build.0 = Release|Any CPU
		{669AD690-9E10-47E9-A3B6-702B8F579416}.Release|iPhoneSimulator.Deploy.0 = Release|Any CPU
		{669AD690-9E10-47E9-A3B6-702B8F579416}.Release|x64.ActiveCfg = Release|Any CPU
		{669AD690-9E10-47E9-A3B6-702B8F579416}.Release|x64.Build.0 = Release|Any CPU
		{669AD690-9E10-47E9-A3B6-702B8F579416}.Release|x64.Deploy.0 = Release|Any CPU
		{669AD690-9E10-47E9-A3B6-702B8F579416}.Release|x86.ActiveCfg = Release|Any CPU
		{669AD690-9E10-47E9-A3B6-702B8F579416}.Release|x86.Build.0 = Release|Any CPU
		{669AD690-9E10-47E9-A3B6-702B8F579416}.Release|x86.Deploy.0 = Release|Any CPU
	EndGlobalSection
	GlobalSection(SolutionProperties) = preSolution
		HideSolutionNode = FALSE
	EndGlobalSection
	GlobalSection(ExtensibilityGlobals) = postSolution
		SolutionGuid = {33A8E097-E259-4C56-924E-1B579E9FFF2D}
	EndGlobalSection
EndGlobal
